// !$*UTF8*$!
{
	archiveVersion = 1;
	classes = {
	};
	objectVersion = 46;
	objects = {

/* Begin PBXBuildFile section */
		789A06BDE2639B666C78D54A /* libPods-通用文件存储器项目.a in Frameworks */ = {isa = PBXBuildFile; fileRef = 23B85EF3B00B31EF406CABF4 /* libPods-通用文件存储器项目.a */; };
		A53DE2AF1E767AEA0038F600 /* JDSKViewController.m in Sources */ = {isa = PBXBuildFile; fileRef = A53DE2AC1E767AEA0038F600 /* JDSKViewController.m */; };
		A53DE2B01E767AEA0038F600 /* DetailsViewController.m in Sources */ = {isa = PBXBuildFile; fileRef = A53DE2AE1E767AEA0038F600 /* DetailsViewController.m */; };
		A5BAD3511E6F96F000576217 /* main.m in Sources */ = {isa = PBXBuildFile; fileRef = A5BAD3501E6F96F000576217 /* main.m */; };
		A5BAD3541E6F96F000576217 /* AppDelegate.m in Sources */ = {isa = PBXBuildFile; fileRef = A5BAD3531E6F96F000576217 /* AppDelegate.m */; };
		A5BAD35A1E6F96F000576217 /* Main.storyboard in Resources */ = {isa = PBXBuildFile; fileRef = A5BAD3581E6F96F000576217 /* Main.storyboard */; };
		A5BAD35C1E6F96F000576217 /* Assets.xcassets in Resources */ = {isa = PBXBuildFile; fileRef = A5BAD35B1E6F96F000576217 /* Assets.xcassets */; };
		A5BAD35F1E6F96F000576217 /* LaunchScreen.storyboard in Resources */ = {isa = PBXBuildFile; fileRef = A5BAD35D1E6F96F000576217 /* LaunchScreen.storyboard */; };
		A5ED18691EC29D3F0049C6AC /* CustomLayout.m in Sources */ = {isa = PBXBuildFile; fileRef = A5ED185F1EC29D3F0049C6AC /* CustomLayout.m */; };
		A5ED186A1EC29D3F0049C6AC /* HHQThreeDimensionalScrollLoopView.m in Sources */ = {isa = PBXBuildFile; fileRef = A5ED18611EC29D3F0049C6AC /* HHQThreeDimensionalScrollLoopView.m */; };
		A5ED186B1EC29D3F0049C6AC /* ThreeDimensionalCell.m in Sources */ = {isa = PBXBuildFile; fileRef = A5ED18631EC29D3F0049C6AC /* ThreeDimensionalCell.m */; };
		A5ED186C1EC29D3F0049C6AC /* HHQScrollLoopView.m in Sources */ = {isa = PBXBuildFile; fileRef = A5ED18661EC29D3F0049C6AC /* HHQScrollLoopView.m */; };
		A5ED186D1EC29D3F0049C6AC /* ScrollLoopCollectionViewCell.m in Sources */ = {isa = PBXBuildFile; fileRef = A5ED18681EC29D3F0049C6AC /* ScrollLoopCollectionViewCell.m */; };
		A5ED18711EC29DE10049C6AC /* HHQLocationTransform.m in Sources */ = {isa = PBXBuildFile; fileRef = A5ED18701EC29DE10049C6AC /* HHQLocationTransform.m */; };
		A5ED18771EC29E550049C6AC /* HHQNetRequestTool.m in Sources */ = {isa = PBXBuildFile; fileRef = A5ED18741EC29E550049C6AC /* HHQNetRequestTool.m */; };
		A5ED18781EC29E550049C6AC /* ZCNetRequestTool.m in Sources */ = {isa = PBXBuildFile; fileRef = A5ED18761EC29E550049C6AC /* ZCNetRequestTool.m */; };
		A5ED188F1EC29F9C0049C6AC /* CategoryHeader.m in Sources */ = {isa = PBXBuildFile; fileRef = A5ED187B1EC29F9C0049C6AC /* CategoryHeader.m */; };
		A5ED18901EC29F9C0049C6AC /* ImageCategoryHeader.m in Sources */ = {isa = PBXBuildFile; fileRef = A5ED187E1EC29F9C0049C6AC /* ImageCategoryHeader.m */; };
		A5ED18911EC29F9C0049C6AC /* UIImage+HHQCategory.m in Sources */ = {isa = PBXBuildFile; fileRef = A5ED18801EC29F9C0049C6AC /* UIImage+HHQCategory.m */; };
		A5ED18921EC29F9C0049C6AC /* UIImageView+HHQCategory.m in Sources */ = {isa = PBXBuildFile; fileRef = A5ED18821EC29F9C0049C6AC /* UIImageView+HHQCategory.m */; };
		A5ED18931EC29F9C0049C6AC /* NSString+HHQCategory.m in Sources */ = {isa = PBXBuildFile; fileRef = A5ED18851EC29F9C0049C6AC /* NSString+HHQCategory.m */; };
		A5ED18941EC29F9C0049C6AC /* StringCategoryHeader.m in Sources */ = {isa = PBXBuildFile; fileRef = A5ED18871EC29F9C0049C6AC /* StringCategoryHeader.m */; };
		A5ED18951EC29F9C0049C6AC /* TextCategoryHeader.m in Sources */ = {isa = PBXBuildFile; fileRef = A5ED188A1EC29F9C0049C6AC /* TextCategoryHeader.m */; };
		A5ED18961EC29F9C0049C6AC /* UITextField+HHQCategory.m in Sources */ = {isa = PBXBuildFile; fileRef = A5ED188C1EC29F9C0049C6AC /* UITextField+HHQCategory.m */; };
		A5ED18971EC29F9C0049C6AC /* UITextView+HHQCategory.m in Sources */ = {isa = PBXBuildFile; fileRef = A5ED188E1EC29F9C0049C6AC /* UITextView+HHQCategory.m */; };
		A5ED18B71EC2A83B0049C6AC /* HomeViewController.m in Sources */ = {isa = PBXBuildFile; fileRef = A5ED18B61EC2A83B0049C6AC /* HomeViewController.m */; };
		A5ED192E1EC559090049C6AC /* UIViewController+BackButtonHandler.m in Sources */ = {isa = PBXBuildFile; fileRef = A5ED192D1EC559090049C6AC /* UIViewController+BackButtonHandler.m */; };
/* End PBXBuildFile section */

/* Begin PBXFileReference section */
		23B85EF3B00B31EF406CABF4 /* libPods-通用文件存储器项目.a */ = {isa = PBXFileReference; explicitFileType = archive.ar; includeInIndex = 0; path = "libPods-通用文件存储器项目.a"; sourceTree = BUILT_PRODUCTS_DIR; };
		33076406D7F02C2791036929 /* Pods-通用文件存储器项目.debug.xcconfig */ = {isa = PBXFileReference; includeInIndex = 1; lastKnownFileType = text.xcconfig; name = "Pods-通用文件存储器项目.debug.xcconfig"; path = "Pods/Target Support Files/Pods-通用文件存储器项目/Pods-通用文件存储器项目.debug.xcconfig"; sourceTree = "<group>"; };
		5E6E99435084602B5B6E99A4 /* Pods-通用文件存储器项目.release.xcconfig */ = {isa = PBXFileReference; includeInIndex = 1; lastKnownFileType = text.xcconfig; name = "Pods-通用文件存储器项目.release.xcconfig"; path = "Pods/Target Support Files/Pods-通用文件存储器项目/Pods-通用文件存储器项目.release.xcconfig"; sourceTree = "<group>"; };
		A52B0F461E724ED60080345B /* HHQPrefixHeader.pch */ = {isa = PBXFileReference; fileEncoding = 4; lastKnownFileType = sourcecode.c.h; path = HHQPrefixHeader.pch; sourceTree = "<group>"; };
		A53DE2AB1E767AEA0038F600 /* DetailsViewController.h */ = {isa = PBXFileReference; fileEncoding = 4; lastKnownFileType = sourcecode.c.h; path = DetailsViewController.h; sourceTree = "<group>"; };
		A53DE2AC1E767AEA0038F600 /* JDSKViewController.m */ = {isa = PBXFileReference; fileEncoding = 4; lastKnownFileType = sourcecode.c.objc; path = JDSKViewController.m; sourceTree = "<group>"; };
		A53DE2AD1E767AEA0038F600 /* JDSKViewController.h */ = {isa = PBXFileReference; fileEncoding = 4; lastKnownFileType = sourcecode.c.h; path = JDSKViewController.h; sourceTree = "<group>"; };
		A53DE2AE1E767AEA0038F600 /* DetailsViewController.m */ = {isa = PBXFileReference; fileEncoding = 4; lastKnownFileType = sourcecode.c.objc; path = DetailsViewController.m; sourceTree = "<group>"; };
		A5BAD34C1E6F96F000576217 /* 通用文件存储器项目.app */ = {isa = PBXFileReference; explicitFileType = wrapper.application; includeInIndex = 0; path = "通用文件存储器项目.app"; sourceTree = BUILT_PRODUCTS_DIR; };
		A5BAD3501E6F96F000576217 /* main.m */ = {isa = PBXFileReference; lastKnownFileType = sourcecode.c.objc; path = main.m; sourceTree = "<group>"; };
		A5BAD3521E6F96F000576217 /* AppDelegate.h */ = {isa = PBXFileReference; lastKnownFileType = sourcecode.c.h; path = AppDelegate.h; sourceTree = "<group>"; };
		A5BAD3531E6F96F000576217 /* AppDelegate.m */ = {isa = PBXFileReference; lastKnownFileType = sourcecode.c.objc; path = AppDelegate.m; sourceTree = "<group>"; };
		A5BAD3591E6F96F000576217 /* Base */ = {isa = PBXFileReference; lastKnownFileType = file.storyboard; name = Base; path = Base.lproj/Main.storyboard; sourceTree = "<group>"; };
		A5BAD35B1E6F96F000576217 /* Assets.xcassets */ = {isa = PBXFileReference; lastKnownFileType = folder.assetcatalog; path = Assets.xcassets; sourceTree = "<group>"; };
		A5BAD35E1E6F96F000576217 /* Base */ = {isa = PBXFileReference; lastKnownFileType = file.storyboard; name = Base; path = Base.lproj/LaunchScreen.storyboard; sourceTree = "<group>"; };
		A5BAD3601E6F96F000576217 /* Info.plist */ = {isa = PBXFileReference; lastKnownFileType = text.plist.xml; path = Info.plist; sourceTree = "<group>"; };
		A5ED185E1EC29D3F0049C6AC /* CustomLayout.h */ = {isa = PBXFileReference; fileEncoding = 4; lastKnownFileType = sourcecode.c.h; path = CustomLayout.h; sourceTree = "<group>"; };
		A5ED185F1EC29D3F0049C6AC /* CustomLayout.m */ = {isa = PBXFileReference; fileEncoding = 4; lastKnownFileType = sourcecode.c.objc; path = CustomLayout.m; sourceTree = "<group>"; };
		A5ED18601EC29D3F0049C6AC /* HHQThreeDimensionalScrollLoopView.h */ = {isa = PBXFileReference; fileEncoding = 4; lastKnownFileType = sourcecode.c.h; path = HHQThreeDimensionalScrollLoopView.h; sourceTree = "<group>"; };
		A5ED18611EC29D3F0049C6AC /* HHQThreeDimensionalScrollLoopView.m */ = {isa = PBXFileReference; fileEncoding = 4; lastKnownFileType = sourcecode.c.objc; path = HHQThreeDimensionalScrollLoopView.m; sourceTree = "<group>"; };
		A5ED18621EC29D3F0049C6AC /* ThreeDimensionalCell.h */ = {isa = PBXFileReference; fileEncoding = 4; lastKnownFileType = sourcecode.c.h; path = ThreeDimensionalCell.h; sourceTree = "<group>"; };
		A5ED18631EC29D3F0049C6AC /* ThreeDimensionalCell.m */ = {isa = PBXFileReference; fileEncoding = 4; lastKnownFileType = sourcecode.c.objc; path = ThreeDimensionalCell.m; sourceTree = "<group>"; };
		A5ED18651EC29D3F0049C6AC /* HHQScrollLoopView.h */ = {isa = PBXFileReference; fileEncoding = 4; lastKnownFileType = sourcecode.c.h; path = HHQScrollLoopView.h; sourceTree = "<group>"; };
		A5ED18661EC29D3F0049C6AC /* HHQScrollLoopView.m */ = {isa = PBXFileReference; fileEncoding = 4; lastKnownFileType = sourcecode.c.objc; path = HHQScrollLoopView.m; sourceTree = "<group>"; };
		A5ED18671EC29D3F0049C6AC /* ScrollLoopCollectionViewCell.h */ = {isa = PBXFileReference; fileEncoding = 4; lastKnownFileType = sourcecode.c.h; path = ScrollLoopCollectionViewCell.h; sourceTree = "<group>"; };
		A5ED18681EC29D3F0049C6AC /* ScrollLoopCollectionViewCell.m */ = {isa = PBXFileReference; fileEncoding = 4; lastKnownFileType = sourcecode.c.objc; path = ScrollLoopCollectionViewCell.m; sourceTree = "<group>"; };
		A5ED186F1EC29DE10049C6AC /* HHQLocationTransform.h */ = {isa = PBXFileReference; fileEncoding = 4; lastKnownFileType = sourcecode.c.h; path = HHQLocationTransform.h; sourceTree = "<group>"; };
		A5ED18701EC29DE10049C6AC /* HHQLocationTransform.m */ = {isa = PBXFileReference; fileEncoding = 4; lastKnownFileType = sourcecode.c.objc; path = HHQLocationTransform.m; sourceTree = "<group>"; };
		A5ED18731EC29E550049C6AC /* HHQNetRequestTool.h */ = {isa = PBXFileReference; fileEncoding = 4; lastKnownFileType = sourcecode.c.h; path = HHQNetRequestTool.h; sourceTree = "<group>"; };
		A5ED18741EC29E550049C6AC /* HHQNetRequestTool.m */ = {isa = PBXFileReference; fileEncoding = 4; lastKnownFileType = sourcecode.c.objc; path = HHQNetRequestTool.m; sourceTree = "<group>"; };
		A5ED18751EC29E550049C6AC /* ZCNetRequestTool.h */ = {isa = PBXFileReference; fileEncoding = 4; lastKnownFileType = sourcecode.c.h; path = ZCNetRequestTool.h; sourceTree = "<group>"; };
		A5ED18761EC29E550049C6AC /* ZCNetRequestTool.m */ = {isa = PBXFileReference; fileEncoding = 4; lastKnownFileType = sourcecode.c.objc; path = ZCNetRequestTool.m; sourceTree = "<group>"; };
		A5ED187A1EC29F9C0049C6AC /* CategoryHeader.h */ = {isa = PBXFileReference; fileEncoding = 4; lastKnownFileType = sourcecode.c.h; path = CategoryHeader.h; sourceTree = "<group>"; };
		A5ED187B1EC29F9C0049C6AC /* CategoryHeader.m */ = {isa = PBXFileReference; fileEncoding = 4; lastKnownFileType = sourcecode.c.objc; path = CategoryHeader.m; sourceTree = "<group>"; };
		A5ED187D1EC29F9C0049C6AC /* ImageCategoryHeader.h */ = {isa = PBXFileReference; fileEncoding = 4; lastKnownFileType = sourcecode.c.h; path = ImageCategoryHeader.h; sourceTree = "<group>"; };
		A5ED187E1EC29F9C0049C6AC /* ImageCategoryHeader.m */ = {isa = PBXFileReference; fileEncoding = 4; lastKnownFileType = sourcecode.c.objc; path = ImageCategoryHeader.m; sourceTree = "<group>"; };
		A5ED187F1EC29F9C0049C6AC /* UIImage+HHQCategory.h */ = {isa = PBXFileReference; fileEncoding = 4; lastKnownFileType = sourcecode.c.h; path = "UIImage+HHQCategory.h"; sourceTree = "<group>"; };
		A5ED18801EC29F9C0049C6AC /* UIImage+HHQCategory.m */ = {isa = PBXFileReference; fileEncoding = 4; lastKnownFileType = sourcecode.c.objc; path = "UIImage+HHQCategory.m"; sourceTree = "<group>"; };
		A5ED18811EC29F9C0049C6AC /* UIImageView+HHQCategory.h */ = {isa = PBXFileReference; fileEncoding = 4; lastKnownFileType = sourcecode.c.h; path = "UIImageView+HHQCategory.h"; sourceTree = "<group>"; };
		A5ED18821EC29F9C0049C6AC /* UIImageView+HHQCategory.m */ = {isa = PBXFileReference; fileEncoding = 4; lastKnownFileType = sourcecode.c.objc; path = "UIImageView+HHQCategory.m"; sourceTree = "<group>"; };
		A5ED18841EC29F9C0049C6AC /* NSString+HHQCategory.h */ = {isa = PBXFileReference; fileEncoding = 4; lastKnownFileType = sourcecode.c.h; path = "NSString+HHQCategory.h"; sourceTree = "<group>"; };
		A5ED18851EC29F9C0049C6AC /* NSString+HHQCategory.m */ = {isa = PBXFileReference; fileEncoding = 4; lastKnownFileType = sourcecode.c.objc; path = "NSString+HHQCategory.m"; sourceTree = "<group>"; };
		A5ED18861EC29F9C0049C6AC /* StringCategoryHeader.h */ = {isa = PBXFileReference; fileEncoding = 4; lastKnownFileType = sourcecode.c.h; path = StringCategoryHeader.h; sourceTree = "<group>"; };
		A5ED18871EC29F9C0049C6AC /* StringCategoryHeader.m */ = {isa = PBXFileReference; fileEncoding = 4; lastKnownFileType = sourcecode.c.objc; path = StringCategoryHeader.m; sourceTree = "<group>"; };
		A5ED18891EC29F9C0049C6AC /* TextCategoryHeader.h */ = {isa = PBXFileReference; fileEncoding = 4; lastKnownFileType = sourcecode.c.h; path = TextCategoryHeader.h; sourceTree = "<group>"; };
		A5ED188A1EC29F9C0049C6AC /* TextCategoryHeader.m */ = {isa = PBXFileReference; fileEncoding = 4; lastKnownFileType = sourcecode.c.objc; path = TextCategoryHeader.m; sourceTree = "<group>"; };
		A5ED188B1EC29F9C0049C6AC /* UITextField+HHQCategory.h */ = {isa = PBXFileReference; fileEncoding = 4; lastKnownFileType = sourcecode.c.h; path = "UITextField+HHQCategory.h"; sourceTree = "<group>"; };
		A5ED188C1EC29F9C0049C6AC /* UITextField+HHQCategory.m */ = {isa = PBXFileReference; fileEncoding = 4; lastKnownFileType = sourcecode.c.objc; path = "UITextField+HHQCategory.m"; sourceTree = "<group>"; };
		A5ED188D1EC29F9C0049C6AC /* UITextView+HHQCategory.h */ = {isa = PBXFileReference; fileEncoding = 4; lastKnownFileType = sourcecode.c.h; path = "UITextView+HHQCategory.h"; sourceTree = "<group>"; };
		A5ED188E1EC29F9C0049C6AC /* UITextView+HHQCategory.m */ = {isa = PBXFileReference; fileEncoding = 4; lastKnownFileType = sourcecode.c.objc; path = "UITextView+HHQCategory.m"; sourceTree = "<group>"; };
		A5ED18B51EC2A83B0049C6AC /* HomeViewController.h */ = {isa = PBXFileReference; fileEncoding = 4; lastKnownFileType = sourcecode.c.h; path = HomeViewController.h; sourceTree = "<group>"; };
		A5ED18B61EC2A83B0049C6AC /* HomeViewController.m */ = {isa = PBXFileReference; fileEncoding = 4; lastKnownFileType = sourcecode.c.objc; path = HomeViewController.m; sourceTree = "<group>"; };
		A5ED192C1EC559090049C6AC /* UIViewController+BackButtonHandler.h */ = {isa = PBXFileReference; fileEncoding = 4; lastKnownFileType = sourcecode.c.h; path = "UIViewController+BackButtonHandler.h"; sourceTree = "<group>"; };
		A5ED192D1EC559090049C6AC /* UIViewController+BackButtonHandler.m */ = {isa = PBXFileReference; fileEncoding = 4; lastKnownFileType = sourcecode.c.objc; path = "UIViewController+BackButtonHandler.m"; sourceTree = "<group>"; };
/* End PBXFileReference section */

/* Begin PBXFrameworksBuildPhase section */
		A5BAD3491E6F96F000576217 /* Frameworks */ = {
			isa = PBXFrameworksBuildPhase;
			buildActionMask = 2147483647;
			files = (
				789A06BDE2639B666C78D54A /* libPods-通用文件存储器项目.a in Frameworks */,
			);
			runOnlyForDeploymentPostprocessing = 0;
		};
/* End PBXFrameworksBuildPhase section */

/* Begin PBXGroup section */
		9D0B2E20DFFE58E5D6F45A3D /* Pods */ = {
			isa = PBXGroup;
			children = (
				33076406D7F02C2791036929 /* Pods-通用文件存储器项目.debug.xcconfig */,
				5E6E99435084602B5B6E99A4 /* Pods-通用文件存储器项目.release.xcconfig */,
			);
			name = Pods;
			sourceTree = "<group>";
		};
		A52B0F451E724E6E0080345B /* HHQDevelopmentKit */ = {
			isa = PBXGroup;
			children = (
				A52B0F461E724ED60080345B /* HHQPrefixHeader.pch */,
				A5ED18791EC29F9C0049C6AC /* 自定义分类 */,
				A5ED18721EC29E550049C6AC /* 网络请求工具 */,
				A5ED186E1EC29DE10049C6AC /* 地图坐标系统变换 */,
				A5ED185C1EC29D3F0049C6AC /* 轮播图 */,
			);
			path = HHQDevelopmentKit;
			sourceTree = "<group>";
		};
		A5BAD3431E6F96F000576217 = {
			isa = PBXGroup;
			children = (
				A5BAD34E1E6F96F000576217 /* 通用文件存储器项目 */,
				A5BAD34D1E6F96F000576217 /* Products */,
				9D0B2E20DFFE58E5D6F45A3D /* Pods */,
				FC82B2B4197499CF5CFCE449 /* Frameworks */,
			);
			sourceTree = "<group>";
		};
		A5BAD34D1E6F96F000576217 /* Products */ = {
			isa = PBXGroup;
			children = (
				A5BAD34C1E6F96F000576217 /* 通用文件存储器项目.app */,
			);
			name = Products;
			sourceTree = "<group>";
		};
		A5BAD34E1E6F96F000576217 /* 通用文件存储器项目 */ = {
			isa = PBXGroup;
			children = (
				A5BAD3521E6F96F000576217 /* AppDelegate.h */,
				A5BAD3531E6F96F000576217 /* AppDelegate.m */,
				A52B0F451E724E6E0080345B /* HHQDevelopmentKit */,
				A53DE2AD1E767AEA0038F600 /* JDSKViewController.h */,
				A53DE2AC1E767AEA0038F600 /* JDSKViewController.m */,
				A53DE2AB1E767AEA0038F600 /* DetailsViewController.h */,
				A53DE2AE1E767AEA0038F600 /* DetailsViewController.m */,
				A5BAD3581E6F96F000576217 /* Main.storyboard */,
				A5BAD35B1E6F96F000576217 /* Assets.xcassets */,
				A5BAD35D1E6F96F000576217 /* LaunchScreen.storyboard */,
				A5BAD3601E6F96F000576217 /* Info.plist */,
				A5BAD34F1E6F96F000576217 /* Supporting Files */,
				A5ED18B51EC2A83B0049C6AC /* HomeViewController.h */,
				A5ED18B61EC2A83B0049C6AC /* HomeViewController.m */,
			);
			path = "通用文件存储器项目";
			sourceTree = "<group>";
		};
		A5BAD34F1E6F96F000576217 /* Supporting Files */ = {
			isa = PBXGroup;
			children = (
				A5BAD3501E6F96F000576217 /* main.m */,
			);
			name = "Supporting Files";
			sourceTree = "<group>";
		};
		A5ED185C1EC29D3F0049C6AC /* 轮播图 */ = {
			isa = PBXGroup;
			children = (
				A5ED185D1EC29D3F0049C6AC /* 3D轮播图 */,
				A5ED18641EC29D3F0049C6AC /* 图片轮播图 */,
			);
			path = "轮播图";
			sourceTree = "<group>";
		};
		A5ED185D1EC29D3F0049C6AC /* 3D轮播图 */ = {
			isa = PBXGroup;
			children = (
				A5ED185E1EC29D3F0049C6AC /* CustomLayout.h */,
				A5ED185F1EC29D3F0049C6AC /* CustomLayout.m */,
				A5ED18601EC29D3F0049C6AC /* HHQThreeDimensionalScrollLoopView.h */,
				A5ED18611EC29D3F0049C6AC /* HHQThreeDimensionalScrollLoopView.m */,
				A5ED18621EC29D3F0049C6AC /* ThreeDimensionalCell.h */,
				A5ED18631EC29D3F0049C6AC /* ThreeDimensionalCell.m */,
			);
			path = "3D轮播图";
			sourceTree = "<group>";
		};
		A5ED18641EC29D3F0049C6AC /* 图片轮播图 */ = {
			isa = PBXGroup;
			children = (
				A5ED18651EC29D3F0049C6AC /* HHQScrollLoopView.h */,
				A5ED18661EC29D3F0049C6AC /* HHQScrollLoopView.m */,
				A5ED18671EC29D3F0049C6AC /* ScrollLoopCollectionViewCell.h */,
				A5ED18681EC29D3F0049C6AC /* ScrollLoopCollectionViewCell.m */,
			);
			path = "图片轮播图";
			sourceTree = "<group>";
		};
		A5ED186E1EC29DE10049C6AC /* 地图坐标系统变换 */ = {
			isa = PBXGroup;
			children = (
				A5ED186F1EC29DE10049C6AC /* HHQLocationTransform.h */,
				A5ED18701EC29DE10049C6AC /* HHQLocationTransform.m */,
			);
			path = "地图坐标系统变换";
			sourceTree = "<group>";
		};
		A5ED18721EC29E550049C6AC /* 网络请求工具 */ = {
			isa = PBXGroup;
			children = (
				A5ED18731EC29E550049C6AC /* HHQNetRequestTool.h */,
				A5ED18741EC29E550049C6AC /* HHQNetRequestTool.m */,
				A5ED18751EC29E550049C6AC /* ZCNetRequestTool.h */,
				A5ED18761EC29E550049C6AC /* ZCNetRequestTool.m */,
			);
			path = "网络请求工具";
			sourceTree = "<group>";
		};
		A5ED18791EC29F9C0049C6AC /* 自定义分类 */ = {
			isa = PBXGroup;
			children = (
				A5ED19281EC558230049C6AC /* UIViewControllerCategory */,
				A5ED187A1EC29F9C0049C6AC /* CategoryHeader.h */,
				A5ED187B1EC29F9C0049C6AC /* CategoryHeader.m */,
				A5ED187C1EC29F9C0049C6AC /* ImageCategory */,
				A5ED18831EC29F9C0049C6AC /* StringCategory */,
				A5ED18881EC29F9C0049C6AC /* TextCategory */,
			);
			path = "自定义分类";
			sourceTree = "<group>";
		};
		A5ED187C1EC29F9C0049C6AC /* ImageCategory */ = {
			isa = PBXGroup;
			children = (
				A5ED187D1EC29F9C0049C6AC /* ImageCategoryHeader.h */,
				A5ED187E1EC29F9C0049C6AC /* ImageCategoryHeader.m */,
				A5ED187F1EC29F9C0049C6AC /* UIImage+HHQCategory.h */,
				A5ED18801EC29F9C0049C6AC /* UIImage+HHQCategory.m */,
				A5ED18811EC29F9C0049C6AC /* UIImageView+HHQCategory.h */,
				A5ED18821EC29F9C0049C6AC /* UIImageView+HHQCategory.m */,
			);
			path = ImageCategory;
			sourceTree = "<group>";
		};
		A5ED18831EC29F9C0049C6AC /* StringCategory */ = {
			isa = PBXGroup;
			children = (
				A5ED18841EC29F9C0049C6AC /* NSString+HHQCategory.h */,
				A5ED18851EC29F9C0049C6AC /* NSString+HHQCategory.m */,
				A5ED18861EC29F9C0049C6AC /* StringCategoryHeader.h */,
				A5ED18871EC29F9C0049C6AC /* StringCategoryHeader.m */,
			);
			path = StringCategory;
			sourceTree = "<group>";
		};
		A5ED18881EC29F9C0049C6AC /* TextCategory */ = {
			isa = PBXGroup;
			children = (
				A5ED18891EC29F9C0049C6AC /* TextCategoryHeader.h */,
				A5ED188A1EC29F9C0049C6AC /* TextCategoryHeader.m */,
				A5ED188B1EC29F9C0049C6AC /* UITextField+HHQCategory.h */,
				A5ED188C1EC29F9C0049C6AC /* UITextField+HHQCategory.m */,
				A5ED188D1EC29F9C0049C6AC /* UITextView+HHQCategory.h */,
				A5ED188E1EC29F9C0049C6AC /* UITextView+HHQCategory.m */,
			);
			path = TextCategory;
			sourceTree = "<group>";
		};
		A5ED19281EC558230049C6AC /* UIViewControllerCategory */ = {
			isa = PBXGroup;
			children = (
				A5ED192C1EC559090049C6AC /* UIViewController+BackButtonHandler.h */,
				A5ED192D1EC559090049C6AC /* UIViewController+BackButtonHandler.m */,
			);
			name = UIViewControllerCategory;
			sourceTree = "<group>";
		};
		FC82B2B4197499CF5CFCE449 /* Frameworks */ = {
			isa = PBXGroup;
			children = (
				23B85EF3B00B31EF406CABF4 /* libPods-通用文件存储器项目.a */,
			);
			name = Frameworks;
			sourceTree = "<group>";
		};
/* End PBXGroup section */

/* Begin PBXNativeTarget section */
		A5BAD34B1E6F96F000576217 /* 通用文件存储器项目 */ = {
			isa = PBXNativeTarget;
			buildConfigurationList = A5BAD3631E6F96F000576217 /* Build configuration list for PBXNativeTarget "通用文件存储器项目" */;
			buildPhases = (
				65324FB06B37745BA1A51D89 /* [CP] Check Pods Manifest.lock */,
				A5BAD3481E6F96F000576217 /* Sources */,
				A5BAD3491E6F96F000576217 /* Frameworks */,
				A5BAD34A1E6F96F000576217 /* Resources */,
				65DEFD85D67CBDF6F490C94E /* [CP] Embed Pods Frameworks */,
				BE62D4D7DE1EBCC7F2D7479B /* [CP] Copy Pods Resources */,
			);
			buildRules = (
			);
			dependencies = (
			);
			name = "通用文件存储器项目";
			productName = "通用文件存储器项目";
			productReference = A5BAD34C1E6F96F000576217 /* 通用文件存储器项目.app */;
			productType = "com.apple.product-type.application";
		};
/* End PBXNativeTarget section */

/* Begin PBXProject section */
		A5BAD3441E6F96F000576217 /* Project object */ = {
			isa = PBXProject;
			attributes = {
				LastUpgradeCheck = 0820;
				ORGANIZATIONNAME = "黄华强";
				TargetAttributes = {
					A5BAD34B1E6F96F000576217 = {
						CreatedOnToolsVersion = 8.2.1;
						DevelopmentTeam = 2U2UU32G84;
						ProvisioningStyle = Automatic;
					};
				};
			};
			buildConfigurationList = A5BAD3471E6F96F000576217 /* Build configuration list for PBXProject "通用文件存储器项目" */;
			compatibilityVersion = "Xcode 3.2";
			developmentRegion = English;
			hasScannedForEncodings = 0;
			knownRegions = (
				en,
				Base,
			);
			mainGroup = A5BAD3431E6F96F000576217;
			productRefGroup = A5BAD34D1E6F96F000576217 /* Products */;
			projectDirPath = "";
			projectRoot = "";
			targets = (
				A5BAD34B1E6F96F000576217 /* 通用文件存储器项目 */,
			);
		};
/* End PBXProject section */

/* Begin PBXResourcesBuildPhase section */
		A5BAD34A1E6F96F000576217 /* Resources */ = {
			isa = PBXResourcesBuildPhase;
			buildActionMask = 2147483647;
			files = (
				A5BAD35F1E6F96F000576217 /* LaunchScreen.storyboard in Resources */,
				A5BAD35C1E6F96F000576217 /* Assets.xcassets in Resources */,
				A5BAD35A1E6F96F000576217 /* Main.storyboard in Resources */,
			);
			runOnlyForDeploymentPostprocessing = 0;
		};
/* End PBXResourcesBuildPhase section */

/* Begin PBXShellScriptBuildPhase section */
		65324FB06B37745BA1A51D89 /* [CP] Check Pods Manifest.lock */ = {
			isa = PBXShellScriptBuildPhase;
			buildActionMask = 2147483647;
			files = (
			);
			inputPaths = (
			);
			name = "[CP] Check Pods Manifest.lock";
			outputPaths = (
			);
			runOnlyForDeploymentPostprocessing = 0;
			shellPath = /bin/sh;
			shellScript = "diff \"${PODS_ROOT}/../Podfile.lock\" \"${PODS_ROOT}/Manifest.lock\" > /dev/null\nif [ $? != 0 ] ; then\n    # print error to STDERR\n    echo \"error: The sandbox is not in sync with the Podfile.lock. Run 'pod install' or update your CocoaPods installation.\" >&2\n    exit 1\nfi\n";
			showEnvVarsInLog = 0;
		};
		65DEFD85D67CBDF6F490C94E /* [CP] Embed Pods Frameworks */ = {
			isa = PBXShellScriptBuildPhase;
			buildActionMask = 2147483647;
			files = (
			);
			inputPaths = (
			);
			name = "[CP] Embed Pods Frameworks";
			outputPaths = (
			);
			runOnlyForDeploymentPostprocessing = 0;
			shellPath = /bin/sh;
			shellScript = "\"${SRCROOT}/Pods/Target Support Files/Pods-通用文件存储器项目/Pods-通用文件存储器项目-frameworks.sh\"\n";
			showEnvVarsInLog = 0;
		};
		BE62D4D7DE1EBCC7F2D7479B /* [CP] Copy Pods Resources */ = {
			isa = PBXShellScriptBuildPhase;
			buildActionMask = 2147483647;
			files = (
			);
			inputPaths = (
			);
			name = "[CP] Copy Pods Resources";
			outputPaths = (
			);
			runOnlyForDeploymentPostprocessing = 0;
			shellPath = /bin/sh;
			shellScript = "\"${SRCROOT}/Pods/Target Support Files/Pods-通用文件存储器项目/Pods-通用文件存储器项目-resources.sh\"\n";
			showEnvVarsInLog = 0;
		};
/* End PBXShellScriptBuildPhase section */

/* Begin PBXSourcesBuildPhase section */
		A5BAD3481E6F96F000576217 /* Sources */ = {
			isa = PBXSourcesBuildPhase;
			buildActionMask = 2147483647;
			files = (
				A5ED18901EC29F9C0049C6AC /* ImageCategoryHeader.m in Sources */,
				A5ED18781EC29E550049C6AC /* ZCNetRequestTool.m in Sources */,
				A5ED186A1EC29D3F0049C6AC /* HHQThreeDimensionalScrollLoopView.m in Sources */,
				A53DE2AF1E767AEA0038F600 /* JDSKViewController.m in Sources */,
				A5ED186B1EC29D3F0049C6AC /* ThreeDimensionalCell.m in Sources */,
				A5ED18971EC29F9C0049C6AC /* UITextView+HHQCategory.m in Sources */,
				A5ED18941EC29F9C0049C6AC /* StringCategoryHeader.m in Sources */,
				A5ED186D1EC29D3F0049C6AC /* ScrollLoopCollectionViewCell.m in Sources */,
				A5ED18711EC29DE10049C6AC /* HHQLocationTransform.m in Sources */,
				A5ED18691EC29D3F0049C6AC /* CustomLayout.m in Sources */,
				A5ED18771EC29E550049C6AC /* HHQNetRequestTool.m in Sources */,
				A5ED18911EC29F9C0049C6AC /* UIImage+HHQCategory.m in Sources */,
				A5ED18921EC29F9C0049C6AC /* UIImageView+HHQCategory.m in Sources */,
				A5BAD3541E6F96F000576217 /* AppDelegate.m in Sources */,
				A5ED18961EC29F9C0049C6AC /* UITextField+HHQCategory.m in Sources */,
				A5BAD3511E6F96F000576217 /* main.m in Sources */,
				A5ED186C1EC29D3F0049C6AC /* HHQScrollLoopView.m in Sources */,
				A5ED18B71EC2A83B0049C6AC /* HomeViewController.m in Sources */,
				A5ED188F1EC29F9C0049C6AC /* CategoryHeader.m in Sources */,
				A5ED18931EC29F9C0049C6AC /* NSString+HHQCategory.m in Sources */,
				A5ED192E1EC559090049C6AC /* UIViewController+BackButtonHandler.m in Sources */,
				A5ED18951EC29F9C0049C6AC /* TextCategoryHeader.m in Sources */,
				A53DE2B01E767AEA0038F600 /* DetailsViewController.m in Sources */,
			);
			runOnlyForDeploymentPostprocessing = 0;
		};
/* End PBXSourcesBuildPhase section */

/* Begin PBXVariantGroup section */
		A5BAD3581E6F96F000576217 /* Main.storyboard */ = {
			isa = PBXVariantGroup;
			children = (
				A5BAD3591E6F96F000576217 /* Base */,
			);
			name = Main.storyboard;
			sourceTree = "<group>";
		};
		A5BAD35D1E6F96F000576217 /* LaunchScreen.storyboard */ = {
			isa = PBXVariantGroup;
			children = (
				A5BAD35E1E6F96F000576217 /* Base */,
			);
			name = LaunchScreen.storyboard;
			sourceTree = "<group>";
		};
/* End PBXVariantGroup section */

/* Begin XCBuildConfiguration section */
		A5BAD3611E6F96F000576217 /* Debug */ = {
			isa = XCBuildConfiguration;
			buildSettings = {
				ALWAYS_SEARCH_USER_PATHS = NO;
				CLANG_ANALYZER_NONNULL = YES;
				CLANG_CXX_LANGUAGE_STANDARD = "gnu++0x";
				CLANG_CXX_LIBRARY = "libc++";
				CLANG_ENABLE_MODULES = YES;
				CLANG_ENABLE_OBJC_ARC = YES;
				CLANG_WARN_BOOL_CONVERSION = YES;
				CLANG_WARN_CONSTANT_CONVERSION = YES;
				CLANG_WARN_DIRECT_OBJC_ISA_USAGE = YES_ERROR;
				CLANG_WARN_DOCUMENTATION_COMMENTS = YES;
				CLANG_WARN_EMPTY_BODY = YES;
				CLANG_WARN_ENUM_CONVERSION = YES;
				CLANG_WARN_INFINITE_RECURSION = YES;
				CLANG_WARN_INT_CONVERSION = YES;
				CLANG_WARN_OBJC_ROOT_CLASS = YES_ERROR;
				CLANG_WARN_SUSPICIOUS_MOVE = YES;
				CLANG_WARN_UNREACHABLE_CODE = YES;
				CLANG_WARN__DUPLICATE_METHOD_MATCH = YES;
				"CODE_SIGN_IDENTITY[sdk=iphoneos*]" = "iPhone Developer";
				COPY_PHASE_STRIP = NO;
				DEBUG_INFORMATION_FORMAT = dwarf;
				ENABLE_STRICT_OBJC_MSGSEND = YES;
				ENABLE_TESTABILITY = YES;
				GCC_C_LANGUAGE_STANDARD = gnu99;
				GCC_DYNAMIC_NO_PIC = NO;
				GCC_NO_COMMON_BLOCKS = YES;
				GCC_OPTIMIZATION_LEVEL = 0;
				GCC_PRECOMPILE_PREFIX_HEADER = YES;
				GCC_PREFIX_HEADER = "$(SRCROOT)/通用文件存储器项目/HHQDevelopmentKit/HHQPrefixHeader.pch";
				GCC_PREPROCESSOR_DEFINITIONS = (
					"DEBUG=1",
					"$(inherited)",
				);
				GCC_WARN_64_TO_32_BIT_CONVERSION = YES;
				GCC_WARN_ABOUT_RETURN_TYPE = YES_ERROR;
				GCC_WARN_UNDECLARED_SELECTOR = YES;
				GCC_WARN_UNINITIALIZED_AUTOS = YES_AGGRESSIVE;
				GCC_WARN_UNUSED_FUNCTION = YES;
				GCC_WARN_UNUSED_VARIABLE = YES;
				IPHONEOS_DEPLOYMENT_TARGET = 10.2;
				MTL_ENABLE_DEBUG_INFO = YES;
				ONLY_ACTIVE_ARCH = YES;
				SDKROOT = iphoneos;
				TARGETED_DEVICE_FAMILY = "1,2";
			};
			name = Debug;
		};
		A5BAD3621E6F96F000576217 /* Release */ = {
			isa = XCBuildConfiguration;
			buildSettings = {
				ALWAYS_SEARCH_USER_PATHS = NO;
				CLANG_ANALYZER_NONNULL = YES;
				CLANG_CXX_LANGUAGE_STANDARD = "gnu++0x";
				CLANG_CXX_LIBRARY = "libc++";
				CLANG_ENABLE_MODULES = YES;
				CLANG_ENABLE_OBJC_ARC = YES;
				CLANG_WARN_BOOL_CONVERSION = YES;
				CLANG_WARN_CONSTANT_CONVERSION = YES;
				CLANG_WARN_DIRECT_OBJC_ISA_USAGE = YES_ERROR;
				CLANG_WARN_DOCUMENTATION_COMMENTS = YES;
				CLANG_WARN_EMPTY_BODY = YES;
				CLANG_WARN_ENUM_CONVERSION = YES;
				CLANG_WARN_INFINITE_RECURSION = YES;
				CLANG_WARN_INT_CONVERSION = YES;
				CLANG_WARN_OBJC_ROOT_CLASS = YES_ERROR;
				CLANG_WARN_SUSPICIOUS_MOVE = YES;
				CLANG_WARN_UNREACHABLE_CODE = YES;
				CLANG_WARN__DUPLICATE_METHOD_MATCH = YES;
				"CODE_SIGN_IDENTITY[sdk=iphoneos*]" = "iPhone Developer";
				COPY_PHASE_STRIP = NO;
				DEBUG_INFORMATION_FORMAT = "dwarf-with-dsym";
				ENABLE_NS_ASSERTIONS = NO;
				ENABLE_STRICT_OBJC_MSGSEND = YES;
				GCC_C_LANGUAGE_STANDARD = gnu99;
				GCC_NO_COMMON_BLOCKS = YES;
				GCC_PRECOMPILE_PREFIX_HEADER = YES;
				GCC_PREFIX_HEADER = "$(SRCROOT)/通用文件存储器项目/HHQDevelopmentKit/HHQPrefixHeader.pch";
				GCC_WARN_64_TO_32_BIT_CONVERSION = YES;
				GCC_WARN_ABOUT_RETURN_TYPE = YES_ERROR;
				GCC_WARN_UNDECLARED_SELECTOR = YES;
				GCC_WARN_UNINITIALIZED_AUTOS = YES_AGGRESSIVE;
				GCC_WARN_UNUSED_FUNCTION = YES;
				GCC_WARN_UNUSED_VARIABLE = YES;
				IPHONEOS_DEPLOYMENT_TARGET = 10.2;
				MTL_ENABLE_DEBUG_INFO = NO;
				SDKROOT = iphoneos;
				TARGETED_DEVICE_FAMILY = "1,2";
				VALIDATE_PRODUCT = YES;
			};
			name = Release;
		};
		A5BAD3641E6F96F000576217 /* Debug */ = {
			isa = XCBuildConfiguration;
			baseConfigurationReference = 33076406D7F02C2791036929 /* Pods-通用文件存储器项目.debug.xcconfig */;
			buildSettings = {
				ASSETCATALOG_COMPILER_APPICON_NAME = AppIcon;
				DEVELOPMENT_TEAM = 2U2UU32G84;
				INFOPLIST_FILE = "通用文件存储器项目/Info.plist";
				LD_RUNPATH_SEARCH_PATHS = "$(inherited) @executable_path/Frameworks";
				PRODUCT_BUNDLE_IDENTIFIER = "com.test720.---------";
				PRODUCT_NAME = "$(TARGET_NAME)";
			};
			name = Debug;
		};
		A5BAD3651E6F96F000576217 /* Release */ = {
			isa = XCBuildConfiguration;
			baseConfigurationReference = 5E6E99435084602B5B6E99A4 /* Pods-通用文件存储器项目.release.xcconfig */;
			buildSettings = {
				ASSETCATALOG_COMPILER_APPICON_NAME = AppIcon;
				DEVELOPMENT_TEAM = 2U2UU32G84;
				INFOPLIST_FILE = "通用文件存储器项目/Info.plist";
				LD_RUNPATH_SEARCH_PATHS = "$(inherited) @executable_path/Frameworks";
				PRODUCT_BUNDLE_IDENTIFIER = "com.test720.---------";
				PRODUCT_NAME = "$(TARGET_NAME)";
			};
			name = Release;
		};
/* End XCBuildConfiguration section */

/* Begin XCConfigurationList section */
		A5BAD3471E6F96F000576217 /* Build configuration list for PBXProject "通用文件存储器项目" */ = {
			isa = XCConfigurationList;
			buildConfigurations = (
				A5BAD3611E6F96F000576217 /* Debug */,
				A5BAD3621E6F96F000576217 /* Release */,
			);
			defaultConfigurationIsVisible = 0;
			defaultConfigurationName = Release;
		};
		A5BAD3631E6F96F000576217 /* Build configuration list for PBXNativeTarget "通用文件存储器项目" */ = {
			isa = XCConfigurationList;
			buildConfigurations = (
				A5BAD3641E6F96F000576217 /* Debug */,
				A5BAD3651E6F96F000576217 /* Release */,
			);
			defaultConfigurationIsVisible = 0;
			defaultConfigurationName = Release;
		};
/* End XCConfigurationList section */
	};
	rootObject = A5BAD3441E6F96F000576217 /* Project object */;
}
