// !$*UTF8*$!
{
	archiveVersion = 1;
	classes = {
	};
	objectVersion = 46;
	objects = {

/* Begin PBXBuildFile section */
		789A06BDE2639B666C78D54A /* libPods-通用文件存储器项目.a in Frameworks */ = {isa = PBXBuildFile; fileRef = 23B85EF3B00B31EF406CABF4 /* libPods-通用文件存储器项目.a */; };
		A590055C1F025D800040AD9B /* UILabel+YBAttributeTextTapAction.m in Sources */ = {isa = PBXBuildFile; fileRef = A59005231F025D800040AD9B /* UILabel+YBAttributeTextTapAction.m */; };
		A590055D1F025D800040AD9B /* HQLocationTransform.m in Sources */ = {isa = PBXBuildFile; fileRef = A59005261F025D800040AD9B /* HQLocationTransform.m */; };
		A590055E1F025D800040AD9B /* HQNetRequestTool.m in Sources */ = {isa = PBXBuildFile; fileRef = A59005291F025D800040AD9B /* HQNetRequestTool.m */; };
		A590055F1F025D800040AD9B /* ZCNetRequestTool.m in Sources */ = {isa = PBXBuildFile; fileRef = A590052B1F025D800040AD9B /* ZCNetRequestTool.m */; };
		A59005601F025D800040AD9B /* CategoryHeader.m in Sources */ = {isa = PBXBuildFile; fileRef = A590052E1F025D800040AD9B /* CategoryHeader.m */; };
		A59005611F025D800040AD9B /* ImageCategoryHeader.m in Sources */ = {isa = PBXBuildFile; fileRef = A59005311F025D800040AD9B /* ImageCategoryHeader.m */; };
		A59005621F025D800040AD9B /* UIImage+HQCategory.m in Sources */ = {isa = PBXBuildFile; fileRef = A59005331F025D800040AD9B /* UIImage+HQCategory.m */; };
		A59005631F025D800040AD9B /* UIImageView+HQCategory.m in Sources */ = {isa = PBXBuildFile; fileRef = A59005351F025D800040AD9B /* UIImageView+HQCategory.m */; };
		A59005641F025D800040AD9B /* NSString+DecimalNumberString.m in Sources */ = {isa = PBXBuildFile; fileRef = A59005381F025D800040AD9B /* NSString+DecimalNumberString.m */; };
		A59005651F025D800040AD9B /* NSString+HQCategory.m in Sources */ = {isa = PBXBuildFile; fileRef = A590053A1F025D800040AD9B /* NSString+HQCategory.m */; };
		A59005661F025D800040AD9B /* StringCategoryHeader.m in Sources */ = {isa = PBXBuildFile; fileRef = A590053C1F025D800040AD9B /* StringCategoryHeader.m */; };
		A59005671F025D800040AD9B /* TextCategoryHeader.m in Sources */ = {isa = PBXBuildFile; fileRef = A590053F1F025D800040AD9B /* TextCategoryHeader.m */; };
		A59005681F025D800040AD9B /* UITextField+HQCategory.m in Sources */ = {isa = PBXBuildFile; fileRef = A59005411F025D800040AD9B /* UITextField+HQCategory.m */; };
		A59005691F025D800040AD9B /* UITextView+HQCategory.m in Sources */ = {isa = PBXBuildFile; fileRef = A59005431F025D800040AD9B /* UITextView+HQCategory.m */; };
		A590056A1F025D800040AD9B /* UIViewController+BackButtonHandler.m in Sources */ = {isa = PBXBuildFile; fileRef = A59005461F025D800040AD9B /* UIViewController+BackButtonHandler.m */; };
		A590056B1F025D800040AD9B /* ACTextView.m in Sources */ = {isa = PBXBuildFile; fileRef = A590054A1F025D800040AD9B /* ACTextView.m */; };
		A590056C1F025D800040AD9B /* HQPlaceholderTextView.m in Sources */ = {isa = PBXBuildFile; fileRef = A590054C1F025D800040AD9B /* HQPlaceholderTextView.m */; };
		A590056D1F025D800040AD9B /* UIView+XMGExtension.m in Sources */ = {isa = PBXBuildFile; fileRef = A590054E1F025D800040AD9B /* UIView+XMGExtension.m */; };
		A590056E1F025D800040AD9B /* CustomLayout.m in Sources */ = {isa = PBXBuildFile; fileRef = A59005521F025D800040AD9B /* CustomLayout.m */; };
		A590056F1F025D800040AD9B /* HQThreeDimensionalScrollLoopView.m in Sources */ = {isa = PBXBuildFile; fileRef = A59005541F025D800040AD9B /* HQThreeDimensionalScrollLoopView.m */; };
		A59005701F025D800040AD9B /* ThreeDimensionalCell.m in Sources */ = {isa = PBXBuildFile; fileRef = A59005561F025D800040AD9B /* ThreeDimensionalCell.m */; };
		A59005711F025D800040AD9B /* HQScrollLoopView.m in Sources */ = {isa = PBXBuildFile; fileRef = A59005591F025D800040AD9B /* HQScrollLoopView.m */; };
		A59005721F025D800040AD9B /* ScrollLoopCollectionViewCell.m in Sources */ = {isa = PBXBuildFile; fileRef = A590055B1F025D800040AD9B /* ScrollLoopCollectionViewCell.m */; };
		A59F9BE01F037B2C00A8A250 /* HomeCollectionViewCell.m in Sources */ = {isa = PBXBuildFile; fileRef = A59F9BDF1F037B2C00A8A250 /* HomeCollectionViewCell.m */; };
		A5BAD3511E6F96F000576217 /* main.m in Sources */ = {isa = PBXBuildFile; fileRef = A5BAD3501E6F96F000576217 /* main.m */; };
		A5BAD3541E6F96F000576217 /* AppDelegate.m in Sources */ = {isa = PBXBuildFile; fileRef = A5BAD3531E6F96F000576217 /* AppDelegate.m */; };
		A5BAD35A1E6F96F000576217 /* Main.storyboard in Resources */ = {isa = PBXBuildFile; fileRef = A5BAD3581E6F96F000576217 /* Main.storyboard */; };
		A5BAD35C1E6F96F000576217 /* Assets.xcassets in Resources */ = {isa = PBXBuildFile; fileRef = A5BAD35B1E6F96F000576217 /* Assets.xcassets */; };
		A5BAD35F1E6F96F000576217 /* LaunchScreen.storyboard in Resources */ = {isa = PBXBuildFile; fileRef = A5BAD35D1E6F96F000576217 /* LaunchScreen.storyboard */; };
		A5CADDF81F04A48A0049299E /* HomeModel.m in Sources */ = {isa = PBXBuildFile; fileRef = A5CADDF71F04A48A0049299E /* HomeModel.m */; };
		A5CADDFA1F04CD400049299E /* 首页model.plist in Resources */ = {isa = PBXBuildFile; fileRef = A5CADDF91F04CD400049299E /* 首页model.plist */; };
		A5CADE031F04D7D60049299E /* ViewAdaptiveFlowLayoutViewController.m in Sources */ = {isa = PBXBuildFile; fileRef = A5CADE021F04D7D60049299E /* ViewAdaptiveFlowLayoutViewController.m */; };
		A5ED18B71EC2A83B0049C6AC /* HomeViewController.m in Sources */ = {isa = PBXBuildFile; fileRef = A5ED18B61EC2A83B0049C6AC /* HomeViewController.m */; };
		A5FFF78C1F0B3B4900287A13 /* ViewAdaptiveFlowLayoutCollectionViewCell.m in Sources */ = {isa = PBXBuildFile; fileRef = A5FFF78B1F0B3B4900287A13 /* ViewAdaptiveFlowLayoutCollectionViewCell.m */; };
		A5FFF78F1F0B604D00287A13 /* ViewAdaptiveFlowLayoutModel.m in Sources */ = {isa = PBXBuildFile; fileRef = A5FFF78E1F0B604D00287A13 /* ViewAdaptiveFlowLayoutModel.m */; };
		A5FFF7911F0B68C000287A13 /* 视图-自适应-流水布局.gif in Resources */ = {isa = PBXBuildFile; fileRef = A5FFF7901F0B68C000287A13 /* 视图-自适应-流水布局.gif */; };
		A5FFF79A1F0B80CF00287A13 /* ThreeDimensionalShufflingFigureViewController.m in Sources */ = {isa = PBXBuildFile; fileRef = A5FFF7991F0B80CF00287A13 /* ThreeDimensionalShufflingFigureViewController.m */; };
		A5FFF79C1F0B88E200287A13 /* 视图-3D轮播.gif in Resources */ = {isa = PBXBuildFile; fileRef = A5FFF79B1F0B88E200287A13 /* 视图-3D轮播.gif */; };
/* End PBXBuildFile section */

/* Begin PBXFileReference section */
		23B85EF3B00B31EF406CABF4 /* libPods-通用文件存储器项目.a */ = {isa = PBXFileReference; explicitFileType = archive.ar; includeInIndex = 0; path = "libPods-通用文件存储器项目.a"; sourceTree = BUILT_PRODUCTS_DIR; };
		33076406D7F02C2791036929 /* Pods-通用文件存储器项目.debug.xcconfig */ = {isa = PBXFileReference; includeInIndex = 1; lastKnownFileType = text.xcconfig; name = "Pods-通用文件存储器项目.debug.xcconfig"; path = "Pods/Target Support Files/Pods-通用文件存储器项目/Pods-通用文件存储器项目.debug.xcconfig"; sourceTree = "<group>"; };
		5E6E99435084602B5B6E99A4 /* Pods-通用文件存储器项目.release.xcconfig */ = {isa = PBXFileReference; includeInIndex = 1; lastKnownFileType = text.xcconfig; name = "Pods-通用文件存储器项目.release.xcconfig"; path = "Pods/Target Support Files/Pods-通用文件存储器项目/Pods-通用文件存储器项目.release.xcconfig"; sourceTree = "<group>"; };
		A59005211F025D800040AD9B /* HQPrefixHeader.pch */ = {isa = PBXFileReference; fileEncoding = 4; lastKnownFileType = sourcecode.c.h; path = HQPrefixHeader.pch; sourceTree = "<group>"; };
		A59005221F025D800040AD9B /* UILabel+YBAttributeTextTapAction.h */ = {isa = PBXFileReference; fileEncoding = 4; lastKnownFileType = sourcecode.c.h; path = "UILabel+YBAttributeTextTapAction.h"; sourceTree = "<group>"; };
		A59005231F025D800040AD9B /* UILabel+YBAttributeTextTapAction.m */ = {isa = PBXFileReference; fileEncoding = 4; lastKnownFileType = sourcecode.c.objc; path = "UILabel+YBAttributeTextTapAction.m"; sourceTree = "<group>"; };
		A59005251F025D800040AD9B /* HQLocationTransform.h */ = {isa = PBXFileReference; fileEncoding = 4; lastKnownFileType = sourcecode.c.h; path = HQLocationTransform.h; sourceTree = "<group>"; };
		A59005261F025D800040AD9B /* HQLocationTransform.m */ = {isa = PBXFileReference; fileEncoding = 4; lastKnownFileType = sourcecode.c.objc; path = HQLocationTransform.m; sourceTree = "<group>"; };
		A59005281F025D800040AD9B /* HQNetRequestTool.h */ = {isa = PBXFileReference; fileEncoding = 4; lastKnownFileType = sourcecode.c.h; path = HQNetRequestTool.h; sourceTree = "<group>"; };
		A59005291F025D800040AD9B /* HQNetRequestTool.m */ = {isa = PBXFileReference; fileEncoding = 4; lastKnownFileType = sourcecode.c.objc; path = HQNetRequestTool.m; sourceTree = "<group>"; };
		A590052A1F025D800040AD9B /* ZCNetRequestTool.h */ = {isa = PBXFileReference; fileEncoding = 4; lastKnownFileType = sourcecode.c.h; path = ZCNetRequestTool.h; sourceTree = "<group>"; };
		A590052B1F025D800040AD9B /* ZCNetRequestTool.m */ = {isa = PBXFileReference; fileEncoding = 4; lastKnownFileType = sourcecode.c.objc; path = ZCNetRequestTool.m; sourceTree = "<group>"; };
		A590052D1F025D800040AD9B /* CategoryHeader.h */ = {isa = PBXFileReference; fileEncoding = 4; lastKnownFileType = sourcecode.c.h; path = CategoryHeader.h; sourceTree = "<group>"; };
		A590052E1F025D800040AD9B /* CategoryHeader.m */ = {isa = PBXFileReference; fileEncoding = 4; lastKnownFileType = sourcecode.c.objc; path = CategoryHeader.m; sourceTree = "<group>"; };
		A59005301F025D800040AD9B /* ImageCategoryHeader.h */ = {isa = PBXFileReference; fileEncoding = 4; lastKnownFileType = sourcecode.c.h; path = ImageCategoryHeader.h; sourceTree = "<group>"; };
		A59005311F025D800040AD9B /* ImageCategoryHeader.m */ = {isa = PBXFileReference; fileEncoding = 4; lastKnownFileType = sourcecode.c.objc; path = ImageCategoryHeader.m; sourceTree = "<group>"; };
		A59005321F025D800040AD9B /* UIImage+HQCategory.h */ = {isa = PBXFileReference; fileEncoding = 4; lastKnownFileType = sourcecode.c.h; path = "UIImage+HQCategory.h"; sourceTree = "<group>"; };
		A59005331F025D800040AD9B /* UIImage+HQCategory.m */ = {isa = PBXFileReference; fileEncoding = 4; lastKnownFileType = sourcecode.c.objc; path = "UIImage+HQCategory.m"; sourceTree = "<group>"; };
		A59005341F025D800040AD9B /* UIImageView+HQCategory.h */ = {isa = PBXFileReference; fileEncoding = 4; lastKnownFileType = sourcecode.c.h; path = "UIImageView+HQCategory.h"; sourceTree = "<group>"; };
		A59005351F025D800040AD9B /* UIImageView+HQCategory.m */ = {isa = PBXFileReference; fileEncoding = 4; lastKnownFileType = sourcecode.c.objc; path = "UIImageView+HQCategory.m"; sourceTree = "<group>"; };
		A59005371F025D800040AD9B /* NSString+DecimalNumberString.h */ = {isa = PBXFileReference; fileEncoding = 4; lastKnownFileType = sourcecode.c.h; path = "NSString+DecimalNumberString.h"; sourceTree = "<group>"; };
		A59005381F025D800040AD9B /* NSString+DecimalNumberString.m */ = {isa = PBXFileReference; fileEncoding = 4; lastKnownFileType = sourcecode.c.objc; path = "NSString+DecimalNumberString.m"; sourceTree = "<group>"; };
		A59005391F025D800040AD9B /* NSString+HQCategory.h */ = {isa = PBXFileReference; fileEncoding = 4; lastKnownFileType = sourcecode.c.h; path = "NSString+HQCategory.h"; sourceTree = "<group>"; };
		A590053A1F025D800040AD9B /* NSString+HQCategory.m */ = {isa = PBXFileReference; fileEncoding = 4; lastKnownFileType = sourcecode.c.objc; path = "NSString+HQCategory.m"; sourceTree = "<group>"; };
		A590053B1F025D800040AD9B /* StringCategoryHeader.h */ = {isa = PBXFileReference; fileEncoding = 4; lastKnownFileType = sourcecode.c.h; path = StringCategoryHeader.h; sourceTree = "<group>"; };
		A590053C1F025D800040AD9B /* StringCategoryHeader.m */ = {isa = PBXFileReference; fileEncoding = 4; lastKnownFileType = sourcecode.c.objc; path = StringCategoryHeader.m; sourceTree = "<group>"; };
		A590053E1F025D800040AD9B /* TextCategoryHeader.h */ = {isa = PBXFileReference; fileEncoding = 4; lastKnownFileType = sourcecode.c.h; path = TextCategoryHeader.h; sourceTree = "<group>"; };
		A590053F1F025D800040AD9B /* TextCategoryHeader.m */ = {isa = PBXFileReference; fileEncoding = 4; lastKnownFileType = sourcecode.c.objc; path = TextCategoryHeader.m; sourceTree = "<group>"; };
		A59005401F025D800040AD9B /* UITextField+HQCategory.h */ = {isa = PBXFileReference; fileEncoding = 4; lastKnownFileType = sourcecode.c.h; path = "UITextField+HQCategory.h"; sourceTree = "<group>"; };
		A59005411F025D800040AD9B /* UITextField+HQCategory.m */ = {isa = PBXFileReference; fileEncoding = 4; lastKnownFileType = sourcecode.c.objc; path = "UITextField+HQCategory.m"; sourceTree = "<group>"; };
		A59005421F025D800040AD9B /* UITextView+HQCategory.h */ = {isa = PBXFileReference; fileEncoding = 4; lastKnownFileType = sourcecode.c.h; path = "UITextView+HQCategory.h"; sourceTree = "<group>"; };
		A59005431F025D800040AD9B /* UITextView+HQCategory.m */ = {isa = PBXFileReference; fileEncoding = 4; lastKnownFileType = sourcecode.c.objc; path = "UITextView+HQCategory.m"; sourceTree = "<group>"; };
		A59005451F025D800040AD9B /* UIViewController+BackButtonHandler.h */ = {isa = PBXFileReference; fileEncoding = 4; lastKnownFileType = sourcecode.c.h; path = "UIViewController+BackButtonHandler.h"; sourceTree = "<group>"; };
		A59005461F025D800040AD9B /* UIViewController+BackButtonHandler.m */ = {isa = PBXFileReference; fileEncoding = 4; lastKnownFileType = sourcecode.c.objc; path = "UIViewController+BackButtonHandler.m"; sourceTree = "<group>"; };
		A59005491F025D800040AD9B /* ACTextView.h */ = {isa = PBXFileReference; fileEncoding = 4; lastKnownFileType = sourcecode.c.h; path = ACTextView.h; sourceTree = "<group>"; };
		A590054A1F025D800040AD9B /* ACTextView.m */ = {isa = PBXFileReference; fileEncoding = 4; lastKnownFileType = sourcecode.c.objc; path = ACTextView.m; sourceTree = "<group>"; };
		A590054B1F025D800040AD9B /* HQPlaceholderTextView.h */ = {isa = PBXFileReference; fileEncoding = 4; lastKnownFileType = sourcecode.c.h; path = HQPlaceholderTextView.h; sourceTree = "<group>"; };
		A590054C1F025D800040AD9B /* HQPlaceholderTextView.m */ = {isa = PBXFileReference; fileEncoding = 4; lastKnownFileType = sourcecode.c.objc; path = HQPlaceholderTextView.m; sourceTree = "<group>"; };
		A590054D1F025D800040AD9B /* UIView+XMGExtension.h */ = {isa = PBXFileReference; fileEncoding = 4; lastKnownFileType = sourcecode.c.h; path = "UIView+XMGExtension.h"; sourceTree = "<group>"; };
		A590054E1F025D800040AD9B /* UIView+XMGExtension.m */ = {isa = PBXFileReference; fileEncoding = 4; lastKnownFileType = sourcecode.c.objc; path = "UIView+XMGExtension.m"; sourceTree = "<group>"; };
		A59005511F025D800040AD9B /* CustomLayout.h */ = {isa = PBXFileReference; fileEncoding = 4; lastKnownFileType = sourcecode.c.h; path = CustomLayout.h; sourceTree = "<group>"; };
		A59005521F025D800040AD9B /* CustomLayout.m */ = {isa = PBXFileReference; fileEncoding = 4; lastKnownFileType = sourcecode.c.objc; path = CustomLayout.m; sourceTree = "<group>"; };
		A59005531F025D800040AD9B /* HQThreeDimensionalScrollLoopView.h */ = {isa = PBXFileReference; fileEncoding = 4; lastKnownFileType = sourcecode.c.h; path = HQThreeDimensionalScrollLoopView.h; sourceTree = "<group>"; };
		A59005541F025D800040AD9B /* HQThreeDimensionalScrollLoopView.m */ = {isa = PBXFileReference; fileEncoding = 4; lastKnownFileType = sourcecode.c.objc; path = HQThreeDimensionalScrollLoopView.m; sourceTree = "<group>"; };
		A59005551F025D800040AD9B /* ThreeDimensionalCell.h */ = {isa = PBXFileReference; fileEncoding = 4; lastKnownFileType = sourcecode.c.h; path = ThreeDimensionalCell.h; sourceTree = "<group>"; };
		A59005561F025D800040AD9B /* ThreeDimensionalCell.m */ = {isa = PBXFileReference; fileEncoding = 4; lastKnownFileType = sourcecode.c.objc; path = ThreeDimensionalCell.m; sourceTree = "<group>"; };
		A59005581F025D800040AD9B /* HQScrollLoopView.h */ = {isa = PBXFileReference; fileEncoding = 4; lastKnownFileType = sourcecode.c.h; path = HQScrollLoopView.h; sourceTree = "<group>"; };
		A59005591F025D800040AD9B /* HQScrollLoopView.m */ = {isa = PBXFileReference; fileEncoding = 4; lastKnownFileType = sourcecode.c.objc; path = HQScrollLoopView.m; sourceTree = "<group>"; };
		A590055A1F025D800040AD9B /* ScrollLoopCollectionViewCell.h */ = {isa = PBXFileReference; fileEncoding = 4; lastKnownFileType = sourcecode.c.h; path = ScrollLoopCollectionViewCell.h; sourceTree = "<group>"; };
		A590055B1F025D800040AD9B /* ScrollLoopCollectionViewCell.m */ = {isa = PBXFileReference; fileEncoding = 4; lastKnownFileType = sourcecode.c.objc; path = ScrollLoopCollectionViewCell.m; sourceTree = "<group>"; };
		A59F9BDE1F037B2C00A8A250 /* HomeCollectionViewCell.h */ = {isa = PBXFileReference; fileEncoding = 4; lastKnownFileType = sourcecode.c.h; path = HomeCollectionViewCell.h; sourceTree = "<group>"; };
		A59F9BDF1F037B2C00A8A250 /* HomeCollectionViewCell.m */ = {isa = PBXFileReference; fileEncoding = 4; lastKnownFileType = sourcecode.c.objc; path = HomeCollectionViewCell.m; sourceTree = "<group>"; };
		A5BAD34C1E6F96F000576217 /* 通用文件存储器项目.app */ = {isa = PBXFileReference; explicitFileType = wrapper.application; includeInIndex = 0; path = "通用文件存储器项目.app"; sourceTree = BUILT_PRODUCTS_DIR; };
		A5BAD3501E6F96F000576217 /* main.m */ = {isa = PBXFileReference; lastKnownFileType = sourcecode.c.objc; path = main.m; sourceTree = "<group>"; };
		A5BAD3521E6F96F000576217 /* AppDelegate.h */ = {isa = PBXFileReference; lastKnownFileType = sourcecode.c.h; path = AppDelegate.h; sourceTree = "<group>"; };
		A5BAD3531E6F96F000576217 /* AppDelegate.m */ = {isa = PBXFileReference; lastKnownFileType = sourcecode.c.objc; path = AppDelegate.m; sourceTree = "<group>"; };
		A5BAD3591E6F96F000576217 /* Base */ = {isa = PBXFileReference; lastKnownFileType = file.storyboard; name = Base; path = Base.lproj/Main.storyboard; sourceTree = "<group>"; };
		A5BAD35B1E6F96F000576217 /* Assets.xcassets */ = {isa = PBXFileReference; lastKnownFileType = folder.assetcatalog; path = Assets.xcassets; sourceTree = "<group>"; };
		A5BAD35E1E6F96F000576217 /* Base */ = {isa = PBXFileReference; lastKnownFileType = file.storyboard; name = Base; path = Base.lproj/LaunchScreen.storyboard; sourceTree = "<group>"; };
		A5BAD3601E6F96F000576217 /* Info.plist */ = {isa = PBXFileReference; lastKnownFileType = text.plist.xml; path = Info.plist; sourceTree = "<group>"; };
		A5CADDF61F04A48A0049299E /* HomeModel.h */ = {isa = PBXFileReference; fileEncoding = 4; lastKnownFileType = sourcecode.c.h; path = HomeModel.h; sourceTree = "<group>"; };
		A5CADDF71F04A48A0049299E /* HomeModel.m */ = {isa = PBXFileReference; fileEncoding = 4; lastKnownFileType = sourcecode.c.objc; path = HomeModel.m; sourceTree = "<group>"; };
		A5CADDF91F04CD400049299E /* 首页model.plist */ = {isa = PBXFileReference; fileEncoding = 4; lastKnownFileType = text.plist.xml; path = "首页model.plist"; sourceTree = "<group>"; };
		A5CADE011F04D7D60049299E /* ViewAdaptiveFlowLayoutViewController.h */ = {isa = PBXFileReference; fileEncoding = 4; lastKnownFileType = sourcecode.c.h; path = ViewAdaptiveFlowLayoutViewController.h; sourceTree = "<group>"; };
		A5CADE021F04D7D60049299E /* ViewAdaptiveFlowLayoutViewController.m */ = {isa = PBXFileReference; fileEncoding = 4; lastKnownFileType = sourcecode.c.objc; path = ViewAdaptiveFlowLayoutViewController.m; sourceTree = "<group>"; };
		A5ED18B51EC2A83B0049C6AC /* HomeViewController.h */ = {isa = PBXFileReference; fileEncoding = 4; lastKnownFileType = sourcecode.c.h; path = HomeViewController.h; sourceTree = "<group>"; };
		A5ED18B61EC2A83B0049C6AC /* HomeViewController.m */ = {isa = PBXFileReference; fileEncoding = 4; lastKnownFileType = sourcecode.c.objc; path = HomeViewController.m; sourceTree = "<group>"; };
		A5FFF78A1F0B3B4900287A13 /* ViewAdaptiveFlowLayoutCollectionViewCell.h */ = {isa = PBXFileReference; fileEncoding = 4; lastKnownFileType = sourcecode.c.h; path = ViewAdaptiveFlowLayoutCollectionViewCell.h; sourceTree = "<group>"; };
		A5FFF78B1F0B3B4900287A13 /* ViewAdaptiveFlowLayoutCollectionViewCell.m */ = {isa = PBXFileReference; fileEncoding = 4; lastKnownFileType = sourcecode.c.objc; path = ViewAdaptiveFlowLayoutCollectionViewCell.m; sourceTree = "<group>"; };
		A5FFF78D1F0B604D00287A13 /* ViewAdaptiveFlowLayoutModel.h */ = {isa = PBXFileReference; fileEncoding = 4; lastKnownFileType = sourcecode.c.h; path = ViewAdaptiveFlowLayoutModel.h; sourceTree = "<group>"; };
		A5FFF78E1F0B604D00287A13 /* ViewAdaptiveFlowLayoutModel.m */ = {isa = PBXFileReference; fileEncoding = 4; lastKnownFileType = sourcecode.c.objc; path = ViewAdaptiveFlowLayoutModel.m; sourceTree = "<group>"; };
		A5FFF7901F0B68C000287A13 /* 视图-自适应-流水布局.gif */ = {isa = PBXFileReference; lastKnownFileType = image.gif; path = "视图-自适应-流水布局.gif"; sourceTree = "<group>"; };
		A5FFF7981F0B80CF00287A13 /* ThreeDimensionalShufflingFigureViewController.h */ = {isa = PBXFileReference; fileEncoding = 4; lastKnownFileType = sourcecode.c.h; path = ThreeDimensionalShufflingFigureViewController.h; sourceTree = "<group>"; };
		A5FFF7991F0B80CF00287A13 /* ThreeDimensionalShufflingFigureViewController.m */ = {isa = PBXFileReference; fileEncoding = 4; lastKnownFileType = sourcecode.c.objc; path = ThreeDimensionalShufflingFigureViewController.m; sourceTree = "<group>"; };
		A5FFF79B1F0B88E200287A13 /* 视图-3D轮播.gif */ = {isa = PBXFileReference; lastKnownFileType = image.gif; path = "视图-3D轮播.gif"; sourceTree = "<group>"; };
/* End PBXFileReference section */

/* Begin PBXFrameworksBuildPhase section */
		A5BAD3491E6F96F000576217 /* Frameworks */ = {
			isa = PBXFrameworksBuildPhase;
			buildActionMask = 2147483647;
			files = (
				789A06BDE2639B666C78D54A /* libPods-通用文件存储器项目.a in Frameworks */,
			);
			runOnlyForDeploymentPostprocessing = 0;
		};
/* End PBXFrameworksBuildPhase section */

/* Begin PBXGroup section */
		9D0B2E20DFFE58E5D6F45A3D /* Pods */ = {
			isa = PBXGroup;
			children = (
				33076406D7F02C2791036929 /* Pods-通用文件存储器项目.debug.xcconfig */,
				5E6E99435084602B5B6E99A4 /* Pods-通用文件存储器项目.release.xcconfig */,
			);
			name = Pods;
			sourceTree = "<group>";
		};
		A59005201F025D800040AD9B /* HQDevelopmentKit */ = {
			isa = PBXGroup;
			children = (
				A59005211F025D800040AD9B /* HQPrefixHeader.pch */,
				A59005221F025D800040AD9B /* UILabel+YBAttributeTextTapAction.h */,
				A59005231F025D800040AD9B /* UILabel+YBAttributeTextTapAction.m */,
				A59005241F025D800040AD9B /* 地图坐标系统变换 */,
				A59005271F025D800040AD9B /* 网络请求工具 */,
				A590052C1F025D800040AD9B /* 自定义分类 */,
				A59005471F025D800040AD9B /* 自定义类 */,
				A590054F1F025D800040AD9B /* 轮播图 */,
			);
			path = HQDevelopmentKit;
			sourceTree = "<group>";
		};
		A59005241F025D800040AD9B /* 地图坐标系统变换 */ = {
			isa = PBXGroup;
			children = (
				A59005251F025D800040AD9B /* HQLocationTransform.h */,
				A59005261F025D800040AD9B /* HQLocationTransform.m */,
			);
			path = "地图坐标系统变换";
			sourceTree = "<group>";
		};
		A59005271F025D800040AD9B /* 网络请求工具 */ = {
			isa = PBXGroup;
			children = (
				A59005281F025D800040AD9B /* HQNetRequestTool.h */,
				A59005291F025D800040AD9B /* HQNetRequestTool.m */,
				A590052A1F025D800040AD9B /* ZCNetRequestTool.h */,
				A590052B1F025D800040AD9B /* ZCNetRequestTool.m */,
			);
			path = "网络请求工具";
			sourceTree = "<group>";
		};
		A590052C1F025D800040AD9B /* 自定义分类 */ = {
			isa = PBXGroup;
			children = (
				A590052D1F025D800040AD9B /* CategoryHeader.h */,
				A590052E1F025D800040AD9B /* CategoryHeader.m */,
				A590052F1F025D800040AD9B /* ImageCategory */,
				A59005361F025D800040AD9B /* StringCategory */,
				A590053D1F025D800040AD9B /* TextCategory */,
				A59005441F025D800040AD9B /* UIViewControllerCategory */,
			);
			path = "自定义分类";
			sourceTree = "<group>";
		};
		A590052F1F025D800040AD9B /* ImageCategory */ = {
			isa = PBXGroup;
			children = (
				A59005301F025D800040AD9B /* ImageCategoryHeader.h */,
				A59005311F025D800040AD9B /* ImageCategoryHeader.m */,
				A59005321F025D800040AD9B /* UIImage+HQCategory.h */,
				A59005331F025D800040AD9B /* UIImage+HQCategory.m */,
				A59005341F025D800040AD9B /* UIImageView+HQCategory.h */,
				A59005351F025D800040AD9B /* UIImageView+HQCategory.m */,
			);
			path = ImageCategory;
			sourceTree = "<group>";
		};
		A59005361F025D800040AD9B /* StringCategory */ = {
			isa = PBXGroup;
			children = (
				A59005371F025D800040AD9B /* NSString+DecimalNumberString.h */,
				A59005381F025D800040AD9B /* NSString+DecimalNumberString.m */,
				A59005391F025D800040AD9B /* NSString+HQCategory.h */,
				A590053A1F025D800040AD9B /* NSString+HQCategory.m */,
				A590053B1F025D800040AD9B /* StringCategoryHeader.h */,
				A590053C1F025D800040AD9B /* StringCategoryHeader.m */,
			);
			path = StringCategory;
			sourceTree = "<group>";
		};
		A590053D1F025D800040AD9B /* TextCategory */ = {
			isa = PBXGroup;
			children = (
				A590053E1F025D800040AD9B /* TextCategoryHeader.h */,
				A590053F1F025D800040AD9B /* TextCategoryHeader.m */,
				A59005401F025D800040AD9B /* UITextField+HQCategory.h */,
				A59005411F025D800040AD9B /* UITextField+HQCategory.m */,
				A59005421F025D800040AD9B /* UITextView+HQCategory.h */,
				A59005431F025D800040AD9B /* UITextView+HQCategory.m */,
			);
			path = TextCategory;
			sourceTree = "<group>";
		};
		A59005441F025D800040AD9B /* UIViewControllerCategory */ = {
			isa = PBXGroup;
			children = (
				A59005451F025D800040AD9B /* UIViewController+BackButtonHandler.h */,
				A59005461F025D800040AD9B /* UIViewController+BackButtonHandler.m */,
			);
			path = UIViewControllerCategory;
			sourceTree = "<group>";
		};
		A59005471F025D800040AD9B /* 自定义类 */ = {
			isa = PBXGroup;
			children = (
				A59005481F025D800040AD9B /* HQPlaceholderTextView */,
			);
			path = "自定义类";
			sourceTree = "<group>";
		};
		A59005481F025D800040AD9B /* HQPlaceholderTextView */ = {
			isa = PBXGroup;
			children = (
				A59005491F025D800040AD9B /* ACTextView.h */,
				A590054A1F025D800040AD9B /* ACTextView.m */,
				A590054B1F025D800040AD9B /* HQPlaceholderTextView.h */,
				A590054C1F025D800040AD9B /* HQPlaceholderTextView.m */,
				A590054D1F025D800040AD9B /* UIView+XMGExtension.h */,
				A590054E1F025D800040AD9B /* UIView+XMGExtension.m */,
			);
			name = HQPlaceholderTextView;
			path = HHQPlaceholderTextView;
			sourceTree = "<group>";
		};
		A590054F1F025D800040AD9B /* 轮播图 */ = {
			isa = PBXGroup;
			children = (
				A59005501F025D800040AD9B /* 3D轮播图 */,
				A59005571F025D800040AD9B /* 图片轮播图 */,
			);
			path = "轮播图";
			sourceTree = "<group>";
		};
		A59005501F025D800040AD9B /* 3D轮播图 */ = {
			isa = PBXGroup;
			children = (
				A59005511F025D800040AD9B /* CustomLayout.h */,
				A59005521F025D800040AD9B /* CustomLayout.m */,
				A59005531F025D800040AD9B /* HQThreeDimensionalScrollLoopView.h */,
				A59005541F025D800040AD9B /* HQThreeDimensionalScrollLoopView.m */,
				A59005551F025D800040AD9B /* ThreeDimensionalCell.h */,
				A59005561F025D800040AD9B /* ThreeDimensionalCell.m */,
			);
			path = "3D轮播图";
			sourceTree = "<group>";
		};
		A59005571F025D800040AD9B /* 图片轮播图 */ = {
			isa = PBXGroup;
			children = (
				A59005581F025D800040AD9B /* HQScrollLoopView.h */,
				A59005591F025D800040AD9B /* HQScrollLoopView.m */,
				A590055A1F025D800040AD9B /* ScrollLoopCollectionViewCell.h */,
				A590055B1F025D800040AD9B /* ScrollLoopCollectionViewCell.m */,
			);
			path = "图片轮播图";
			sourceTree = "<group>";
		};
		A59F9BDA1F0379BA00A8A250 /* 主页 */ = {
			isa = PBXGroup;
			children = (
				A5CADDFB1F04D1BB0049299E /* 效果展示 */,
				A59F9BDB1F0379DE00A8A250 /* models */,
				A59F9BDC1F0379F600A8A250 /* views */,
				A59F9BDD1F037A0400A8A250 /* controllers */,
			);
			name = "主页";
			sourceTree = "<group>";
		};
		A59F9BDB1F0379DE00A8A250 /* models */ = {
			isa = PBXGroup;
			children = (
				A5CADDF61F04A48A0049299E /* HomeModel.h */,
				A5CADDF71F04A48A0049299E /* HomeModel.m */,
			);
			name = models;
			sourceTree = "<group>";
		};
		A59F9BDC1F0379F600A8A250 /* views */ = {
			isa = PBXGroup;
			children = (
				A59F9BDE1F037B2C00A8A250 /* HomeCollectionViewCell.h */,
				A59F9BDF1F037B2C00A8A250 /* HomeCollectionViewCell.m */,
			);
			name = views;
			sourceTree = "<group>";
		};
		A59F9BDD1F037A0400A8A250 /* controllers */ = {
			isa = PBXGroup;
			children = (
				A5ED18B51EC2A83B0049C6AC /* HomeViewController.h */,
				A5ED18B61EC2A83B0049C6AC /* HomeViewController.m */,
			);
			name = controllers;
			sourceTree = "<group>";
		};
		A5BAD3431E6F96F000576217 = {
			isa = PBXGroup;
			children = (
				A5BAD34E1E6F96F000576217 /* 通用文件存储器项目 */,
				A5BAD34D1E6F96F000576217 /* Products */,
				9D0B2E20DFFE58E5D6F45A3D /* Pods */,
				FC82B2B4197499CF5CFCE449 /* Frameworks */,
			);
			sourceTree = "<group>";
		};
		A5BAD34D1E6F96F000576217 /* Products */ = {
			isa = PBXGroup;
			children = (
				A5BAD34C1E6F96F000576217 /* 通用文件存储器项目.app */,
			);
			name = Products;
			sourceTree = "<group>";
		};
		A5BAD34E1E6F96F000576217 /* 通用文件存储器项目 */ = {
			isa = PBXGroup;
			children = (
				A59F9BDA1F0379BA00A8A250 /* 主页 */,
				A59005201F025D800040AD9B /* HQDevelopmentKit */,
				A5BAD34F1E6F96F000576217 /* Supporting Files */,
			);
			path = "通用文件存储器项目";
			sourceTree = "<group>";
		};
		A5BAD34F1E6F96F000576217 /* Supporting Files */ = {
			isa = PBXGroup;
			children = (
				A5BAD3501E6F96F000576217 /* main.m */,
				A5BAD3521E6F96F000576217 /* AppDelegate.h */,
				A5BAD3531E6F96F000576217 /* AppDelegate.m */,
				A5BAD3581E6F96F000576217 /* Main.storyboard */,
				A5BAD35B1E6F96F000576217 /* Assets.xcassets */,
				A5BAD35D1E6F96F000576217 /* LaunchScreen.storyboard */,
				A5BAD3601E6F96F000576217 /* Info.plist */,
				A5CADDF91F04CD400049299E /* 首页model.plist */,
			);
			name = "Supporting Files";
			sourceTree = "<group>";
		};
		A5CADDFB1F04D1BB0049299E /* 效果展示 */ = {
			isa = PBXGroup;
			children = (
				A5CADDFC1F04D1F40049299E /* 视图 */,
			);
			name = "效果展示";
			sourceTree = "<group>";
		};
		A5CADDFC1F04D1F40049299E /* 视图 */ = {
			isa = PBXGroup;
			children = (
				A5FFF7931F0B7FBC00287A13 /* 3D轮播图 */,
				A5CADDFD1F04D5A90049299E /* 自适应流布局 */,
			);
			name = "视图";
			sourceTree = "<group>";
		};
		A5CADDFD1F04D5A90049299E /* 自适应流布局 */ = {
			isa = PBXGroup;
			children = (
				A5FFF7921F0B6B0900287A13 /* supporting */,
				A5CADE001F04D6100049299E /* model */,
				A5CADDFF1F04D5F30049299E /* view */,
				A5CADDFE1F04D5DF0049299E /* controller */,
			);
			name = "自适应流布局";
			sourceTree = "<group>";
		};
		A5CADDFE1F04D5DF0049299E /* controller */ = {
			isa = PBXGroup;
			children = (
				A5CADE011F04D7D60049299E /* ViewAdaptiveFlowLayoutViewController.h */,
				A5CADE021F04D7D60049299E /* ViewAdaptiveFlowLayoutViewController.m */,
			);
			name = controller;
			sourceTree = "<group>";
		};
		A5CADDFF1F04D5F30049299E /* view */ = {
			isa = PBXGroup;
			children = (
				A5FFF78A1F0B3B4900287A13 /* ViewAdaptiveFlowLayoutCollectionViewCell.h */,
				A5FFF78B1F0B3B4900287A13 /* ViewAdaptiveFlowLayoutCollectionViewCell.m */,
			);
			name = view;
			sourceTree = "<group>";
		};
		A5CADE001F04D6100049299E /* model */ = {
			isa = PBXGroup;
			children = (
				A5FFF78D1F0B604D00287A13 /* ViewAdaptiveFlowLayoutModel.h */,
				A5FFF78E1F0B604D00287A13 /* ViewAdaptiveFlowLayoutModel.m */,
			);
			name = model;
			sourceTree = "<group>";
		};
		A5FFF7921F0B6B0900287A13 /* supporting */ = {
			isa = PBXGroup;
			children = (
				A5FFF7901F0B68C000287A13 /* 视图-自适应-流水布局.gif */,
			);
			name = supporting;
			sourceTree = "<group>";
		};
		A5FFF7931F0B7FBC00287A13 /* 3D轮播图 */ = {
			isa = PBXGroup;
			children = (
				A5FFF7971F0B7FF900287A13 /* supporting */,
				A5FFF7961F0B7FE500287A13 /* model */,
				A5FFF7951F0B7FDC00287A13 /* view */,
				A5FFF7941F0B7FD200287A13 /* controller */,
			);
			name = "3D轮播图";
			sourceTree = "<group>";
		};
		A5FFF7941F0B7FD200287A13 /* controller */ = {
			isa = PBXGroup;
			children = (
				A5FFF7981F0B80CF00287A13 /* ThreeDimensionalShufflingFigureViewController.h */,
				A5FFF7991F0B80CF00287A13 /* ThreeDimensionalShufflingFigureViewController.m */,
			);
			name = controller;
			sourceTree = "<group>";
		};
		A5FFF7951F0B7FDC00287A13 /* view */ = {
			isa = PBXGroup;
			children = (
			);
			name = view;
			sourceTree = "<group>";
		};
		A5FFF7961F0B7FE500287A13 /* model */ = {
			isa = PBXGroup;
			children = (
			);
			name = model;
			sourceTree = "<group>";
		};
		A5FFF7971F0B7FF900287A13 /* supporting */ = {
			isa = PBXGroup;
			children = (
				A5FFF79B1F0B88E200287A13 /* 视图-3D轮播.gif */,
			);
			name = supporting;
			sourceTree = "<group>";
		};
		FC82B2B4197499CF5CFCE449 /* Frameworks */ = {
			isa = PBXGroup;
			children = (
				23B85EF3B00B31EF406CABF4 /* libPods-通用文件存储器项目.a */,
			);
			name = Frameworks;
			sourceTree = "<group>";
		};
/* End PBXGroup section */

/* Begin PBXNativeTarget section */
		A5BAD34B1E6F96F000576217 /* 通用文件存储器项目 */ = {
			isa = PBXNativeTarget;
			buildConfigurationList = A5BAD3631E6F96F000576217 /* Build configuration list for PBXNativeTarget "通用文件存储器项目" */;
			buildPhases = (
				65324FB06B37745BA1A51D89 /* [CP] Check Pods Manifest.lock */,
				A5BAD3481E6F96F000576217 /* Sources */,
				A5BAD3491E6F96F000576217 /* Frameworks */,
				A5BAD34A1E6F96F000576217 /* Resources */,
				65DEFD85D67CBDF6F490C94E /* [CP] Embed Pods Frameworks */,
				BE62D4D7DE1EBCC7F2D7479B /* [CP] Copy Pods Resources */,
			);
			buildRules = (
			);
			dependencies = (
			);
			name = "通用文件存储器项目";
			productName = "通用文件存储器项目";
			productReference = A5BAD34C1E6F96F000576217 /* 通用文件存储器项目.app */;
			productType = "com.apple.product-type.application";
		};
/* End PBXNativeTarget section */

/* Begin PBXProject section */
		A5BAD3441E6F96F000576217 /* Project object */ = {
			isa = PBXProject;
			attributes = {
				LastUpgradeCheck = 0820;
				ORGANIZATIONNAME = "黄华强";
				TargetAttributes = {
					A5BAD34B1E6F96F000576217 = {
						CreatedOnToolsVersion = 8.2.1;
						DevelopmentTeam = 2U2UU32G84;
						ProvisioningStyle = Automatic;
					};
				};
			};
			buildConfigurationList = A5BAD3471E6F96F000576217 /* Build configuration list for PBXProject "通用文件存储器项目" */;
			compatibilityVersion = "Xcode 3.2";
			developmentRegion = English;
			hasScannedForEncodings = 0;
			knownRegions = (
				en,
				Base,
			);
			mainGroup = A5BAD3431E6F96F000576217;
			productRefGroup = A5BAD34D1E6F96F000576217 /* Products */;
			projectDirPath = "";
			projectRoot = "";
			targets = (
				A5BAD34B1E6F96F000576217 /* 通用文件存储器项目 */,
			);
		};
/* End PBXProject section */

/* Begin PBXResourcesBuildPhase section */
		A5BAD34A1E6F96F000576217 /* Resources */ = {
			isa = PBXResourcesBuildPhase;
			buildActionMask = 2147483647;
			files = (
				A5FFF79C1F0B88E200287A13 /* 视图-3D轮播.gif in Resources */,
				A5BAD35F1E6F96F000576217 /* LaunchScreen.storyboard in Resources */,
				A5FFF7911F0B68C000287A13 /* 视图-自适应-流水布局.gif in Resources */,
				A5BAD35C1E6F96F000576217 /* Assets.xcassets in Resources */,
				A5CADDFA1F04CD400049299E /* 首页model.plist in Resources */,
				A5BAD35A1E6F96F000576217 /* Main.storyboard in Resources */,
			);
			runOnlyForDeploymentPostprocessing = 0;
		};
/* End PBXResourcesBuildPhase section */

/* Begin PBXShellScriptBuildPhase section */
		65324FB06B37745BA1A51D89 /* [CP] Check Pods Manifest.lock */ = {
			isa = PBXShellScriptBuildPhase;
			buildActionMask = 2147483647;
			files = (
			);
			inputPaths = (
			);
			name = "[CP] Check Pods Manifest.lock";
			outputPaths = (
			);
			runOnlyForDeploymentPostprocessing = 0;
			shellPath = /bin/sh;
			shellScript = "diff \"${PODS_ROOT}/../Podfile.lock\" \"${PODS_ROOT}/Manifest.lock\" > /dev/null\nif [ $? != 0 ] ; then\n    # print error to STDERR\n    echo \"error: The sandbox is not in sync with the Podfile.lock. Run 'pod install' or update your CocoaPods installation.\" >&2\n    exit 1\nfi\n";
			showEnvVarsInLog = 0;
		};
		65DEFD85D67CBDF6F490C94E /* [CP] Embed Pods Frameworks */ = {
			isa = PBXShellScriptBuildPhase;
			buildActionMask = 2147483647;
			files = (
			);
			inputPaths = (
			);
			name = "[CP] Embed Pods Frameworks";
			outputPaths = (
			);
			runOnlyForDeploymentPostprocessing = 0;
			shellPath = /bin/sh;
			shellScript = "\"${SRCROOT}/Pods/Target Support Files/Pods-通用文件存储器项目/Pods-通用文件存储器项目-frameworks.sh\"\n";
			showEnvVarsInLog = 0;
		};
		BE62D4D7DE1EBCC7F2D7479B /* [CP] Copy Pods Resources */ = {
			isa = PBXShellScriptBuildPhase;
			buildActionMask = 2147483647;
			files = (
			);
			inputPaths = (
			);
			name = "[CP] Copy Pods Resources";
			outputPaths = (
			);
			runOnlyForDeploymentPostprocessing = 0;
			shellPath = /bin/sh;
			shellScript = "\"${SRCROOT}/Pods/Target Support Files/Pods-通用文件存储器项目/Pods-通用文件存储器项目-resources.sh\"\n";
			showEnvVarsInLog = 0;
		};
/* End PBXShellScriptBuildPhase section */

/* Begin PBXSourcesBuildPhase section */
		A5BAD3481E6F96F000576217 /* Sources */ = {
			isa = PBXSourcesBuildPhase;
			buildActionMask = 2147483647;
			files = (
				A590055D1F025D800040AD9B /* HQLocationTransform.m in Sources */,
				A590055E1F025D800040AD9B /* HQNetRequestTool.m in Sources */,
				A590056F1F025D800040AD9B /* HQThreeDimensionalScrollLoopView.m in Sources */,
				A59005611F025D800040AD9B /* ImageCategoryHeader.m in Sources */,
				A59005661F025D800040AD9B /* StringCategoryHeader.m in Sources */,
				A59005651F025D800040AD9B /* NSString+HQCategory.m in Sources */,
				A5CADE031F04D7D60049299E /* ViewAdaptiveFlowLayoutViewController.m in Sources */,
				A59005681F025D800040AD9B /* UITextField+HQCategory.m in Sources */,
				A59005601F025D800040AD9B /* CategoryHeader.m in Sources */,
				A590055F1F025D800040AD9B /* ZCNetRequestTool.m in Sources */,
				A59005721F025D800040AD9B /* ScrollLoopCollectionViewCell.m in Sources */,
				A5BAD3541E6F96F000576217 /* AppDelegate.m in Sources */,
				A590055C1F025D800040AD9B /* UILabel+YBAttributeTextTapAction.m in Sources */,
				A5CADDF81F04A48A0049299E /* HomeModel.m in Sources */,
				A590056D1F025D800040AD9B /* UIView+XMGExtension.m in Sources */,
				A5FFF78C1F0B3B4900287A13 /* ViewAdaptiveFlowLayoutCollectionViewCell.m in Sources */,
				A590056A1F025D800040AD9B /* UIViewController+BackButtonHandler.m in Sources */,
				A59005691F025D800040AD9B /* UITextView+HQCategory.m in Sources */,
				A5BAD3511E6F96F000576217 /* main.m in Sources */,
				A59005711F025D800040AD9B /* HQScrollLoopView.m in Sources */,
				A59F9BE01F037B2C00A8A250 /* HomeCollectionViewCell.m in Sources */,
				A59005631F025D800040AD9B /* UIImageView+HQCategory.m in Sources */,
				A5ED18B71EC2A83B0049C6AC /* HomeViewController.m in Sources */,
				A59005671F025D800040AD9B /* TextCategoryHeader.m in Sources */,
				A59005621F025D800040AD9B /* UIImage+HQCategory.m in Sources */,
				A5FFF78F1F0B604D00287A13 /* ViewAdaptiveFlowLayoutModel.m in Sources */,
				A590056E1F025D800040AD9B /* CustomLayout.m in Sources */,
				A59005701F025D800040AD9B /* ThreeDimensionalCell.m in Sources */,
				A5FFF79A1F0B80CF00287A13 /* ThreeDimensionalShufflingFigureViewController.m in Sources */,
				A59005641F025D800040AD9B /* NSString+DecimalNumberString.m in Sources */,
				A590056B1F025D800040AD9B /* ACTextView.m in Sources */,
				A590056C1F025D800040AD9B /* HQPlaceholderTextView.m in Sources */,
			);
			runOnlyForDeploymentPostprocessing = 0;
		};
/* End PBXSourcesBuildPhase section */

/* Begin PBXVariantGroup section */
		A5BAD3581E6F96F000576217 /* Main.storyboard */ = {
			isa = PBXVariantGroup;
			children = (
				A5BAD3591E6F96F000576217 /* Base */,
			);
			name = Main.storyboard;
			sourceTree = "<group>";
		};
		A5BAD35D1E6F96F000576217 /* LaunchScreen.storyboard */ = {
			isa = PBXVariantGroup;
			children = (
				A5BAD35E1E6F96F000576217 /* Base */,
			);
			name = LaunchScreen.storyboard;
			sourceTree = "<group>";
		};
/* End PBXVariantGroup section */

/* Begin XCBuildConfiguration section */
		A5BAD3611E6F96F000576217 /* Debug */ = {
			isa = XCBuildConfiguration;
			buildSettings = {
				ALWAYS_SEARCH_USER_PATHS = NO;
				CLANG_ANALYZER_NONNULL = YES;
				CLANG_CXX_LANGUAGE_STANDARD = "gnu++0x";
				CLANG_CXX_LIBRARY = "libc++";
				CLANG_ENABLE_MODULES = YES;
				CLANG_ENABLE_OBJC_ARC = YES;
				CLANG_WARN_BOOL_CONVERSION = YES;
				CLANG_WARN_CONSTANT_CONVERSION = YES;
				CLANG_WARN_DIRECT_OBJC_ISA_USAGE = YES_ERROR;
				CLANG_WARN_DOCUMENTATION_COMMENTS = YES;
				CLANG_WARN_EMPTY_BODY = YES;
				CLANG_WARN_ENUM_CONVERSION = YES;
				CLANG_WARN_INFINITE_RECURSION = YES;
				CLANG_WARN_INT_CONVERSION = YES;
				CLANG_WARN_OBJC_ROOT_CLASS = YES_ERROR;
				CLANG_WARN_SUSPICIOUS_MOVE = YES;
				CLANG_WARN_UNREACHABLE_CODE = YES;
				CLANG_WARN__DUPLICATE_METHOD_MATCH = YES;
				"CODE_SIGN_IDENTITY[sdk=iphoneos*]" = "iPhone Developer";
				COPY_PHASE_STRIP = NO;
				DEBUG_INFORMATION_FORMAT = dwarf;
				ENABLE_STRICT_OBJC_MSGSEND = YES;
				ENABLE_TESTABILITY = YES;
				GCC_C_LANGUAGE_STANDARD = gnu99;
				GCC_DYNAMIC_NO_PIC = NO;
				GCC_NO_COMMON_BLOCKS = YES;
				GCC_OPTIMIZATION_LEVEL = 0;
				GCC_PRECOMPILE_PREFIX_HEADER = YES;
				GCC_PREFIX_HEADER = "$(SRCROOT)/通用文件存储器项目/HQDevelopmentKit/HQPrefixHeader.pch";
				GCC_PREPROCESSOR_DEFINITIONS = (
					"DEBUG=1",
					"$(inherited)",
				);
				GCC_WARN_64_TO_32_BIT_CONVERSION = YES;
				GCC_WARN_ABOUT_RETURN_TYPE = YES_ERROR;
				GCC_WARN_UNDECLARED_SELECTOR = YES;
				GCC_WARN_UNINITIALIZED_AUTOS = YES_AGGRESSIVE;
				GCC_WARN_UNUSED_FUNCTION = YES;
				GCC_WARN_UNUSED_VARIABLE = YES;
				IPHONEOS_DEPLOYMENT_TARGET = 10.2;
				MTL_ENABLE_DEBUG_INFO = YES;
				ONLY_ACTIVE_ARCH = YES;
				SDKROOT = iphoneos;
				TARGETED_DEVICE_FAMILY = "1,2";
			};
			name = Debug;
		};
		A5BAD3621E6F96F000576217 /* Release */ = {
			isa = XCBuildConfiguration;
			buildSettings = {
				ALWAYS_SEARCH_USER_PATHS = NO;
				CLANG_ANALYZER_NONNULL = YES;
				CLANG_CXX_LANGUAGE_STANDARD = "gnu++0x";
				CLANG_CXX_LIBRARY = "libc++";
				CLANG_ENABLE_MODULES = YES;
				CLANG_ENABLE_OBJC_ARC = YES;
				CLANG_WARN_BOOL_CONVERSION = YES;
				CLANG_WARN_CONSTANT_CONVERSION = YES;
				CLANG_WARN_DIRECT_OBJC_ISA_USAGE = YES_ERROR;
				CLANG_WARN_DOCUMENTATION_COMMENTS = YES;
				CLANG_WARN_EMPTY_BODY = YES;
				CLANG_WARN_ENUM_CONVERSION = YES;
				CLANG_WARN_INFINITE_RECURSION = YES;
				CLANG_WARN_INT_CONVERSION = YES;
				CLANG_WARN_OBJC_ROOT_CLASS = YES_ERROR;
				CLANG_WARN_SUSPICIOUS_MOVE = YES;
				CLANG_WARN_UNREACHABLE_CODE = YES;
				CLANG_WARN__DUPLICATE_METHOD_MATCH = YES;
				"CODE_SIGN_IDENTITY[sdk=iphoneos*]" = "iPhone Developer";
				COPY_PHASE_STRIP = NO;
				DEBUG_INFORMATION_FORMAT = "dwarf-with-dsym";
				ENABLE_NS_ASSERTIONS = NO;
				ENABLE_STRICT_OBJC_MSGSEND = YES;
				GCC_C_LANGUAGE_STANDARD = gnu99;
				GCC_NO_COMMON_BLOCKS = YES;
				GCC_PRECOMPILE_PREFIX_HEADER = YES;
				GCC_PREFIX_HEADER = "$(SRCROOT)/通用文件存储器项目/HQDevelopmentKit/HQPrefixHeader.pch";
				GCC_WARN_64_TO_32_BIT_CONVERSION = YES;
				GCC_WARN_ABOUT_RETURN_TYPE = YES_ERROR;
				GCC_WARN_UNDECLARED_SELECTOR = YES;
				GCC_WARN_UNINITIALIZED_AUTOS = YES_AGGRESSIVE;
				GCC_WARN_UNUSED_FUNCTION = YES;
				GCC_WARN_UNUSED_VARIABLE = YES;
				IPHONEOS_DEPLOYMENT_TARGET = 10.2;
				MTL_ENABLE_DEBUG_INFO = NO;
				SDKROOT = iphoneos;
				TARGETED_DEVICE_FAMILY = "1,2";
				VALIDATE_PRODUCT = YES;
			};
			name = Release;
		};
		A5BAD3641E6F96F000576217 /* Debug */ = {
			isa = XCBuildConfiguration;
			baseConfigurationReference = 33076406D7F02C2791036929 /* Pods-通用文件存储器项目.debug.xcconfig */;
			buildSettings = {
				ASSETCATALOG_COMPILER_APPICON_NAME = AppIcon;
				DEVELOPMENT_TEAM = 2U2UU32G84;
				INFOPLIST_FILE = "通用文件存储器项目/Info.plist";
				IPHONEOS_DEPLOYMENT_TARGET = 8.0;
				LD_RUNPATH_SEARCH_PATHS = "$(inherited) @executable_path/Frameworks";
				PRODUCT_BUNDLE_IDENTIFIER = "com.test720.---------";
				PRODUCT_NAME = "$(TARGET_NAME)";
			};
			name = Debug;
		};
		A5BAD3651E6F96F000576217 /* Release */ = {
			isa = XCBuildConfiguration;
			baseConfigurationReference = 5E6E99435084602B5B6E99A4 /* Pods-通用文件存储器项目.release.xcconfig */;
			buildSettings = {
				ASSETCATALOG_COMPILER_APPICON_NAME = AppIcon;
				DEVELOPMENT_TEAM = 2U2UU32G84;
				INFOPLIST_FILE = "通用文件存储器项目/Info.plist";
				IPHONEOS_DEPLOYMENT_TARGET = 8.0;
				LD_RUNPATH_SEARCH_PATHS = "$(inherited) @executable_path/Frameworks";
				PRODUCT_BUNDLE_IDENTIFIER = "com.test720.---------";
				PRODUCT_NAME = "$(TARGET_NAME)";
			};
			name = Release;
		};
/* End XCBuildConfiguration section */

/* Begin XCConfigurationList section */
		A5BAD3471E6F96F000576217 /* Build configuration list for PBXProject "通用文件存储器项目" */ = {
			isa = XCConfigurationList;
			buildConfigurations = (
				A5BAD3611E6F96F000576217 /* Debug */,
				A5BAD3621E6F96F000576217 /* Release */,
			);
			defaultConfigurationIsVisible = 0;
			defaultConfigurationName = Release;
		};
		A5BAD3631E6F96F000576217 /* Build configuration list for PBXNativeTarget "通用文件存储器项目" */ = {
			isa = XCConfigurationList;
			buildConfigurations = (
				A5BAD3641E6F96F000576217 /* Debug */,
				A5BAD3651E6F96F000576217 /* Release */,
			);
			defaultConfigurationIsVisible = 0;
			defaultConfigurationName = Release;
		};
/* End XCConfigurationList section */
	};
	rootObject = A5BAD3441E6F96F000576217 /* Project object */;
}
